// !$*UTF8*$!
{
	archiveVersion = 1;
	classes = {
	};
	objectVersion = 56;
	objects = {

/* Begin PBXBuildFile section */
		231405BA2BB04AC60072D94C /* FeedImagePresenter.swift in Sources */ = {isa = PBXBuildFile; fileRef = 231405B92BB04AC60072D94C /* FeedImagePresenter.swift */; };
		231B5F092B9CDB06004DA623 /* FeedImageCell.swift in Sources */ = {isa = PBXBuildFile; fileRef = 231B5F082B9CDB06004DA623 /* FeedImageCell.swift */; };
		2323BBAA2B8BC30A0078DDF9 /* EssentialFeediOS.framework in Frameworks */ = {isa = PBXBuildFile; fileRef = 2323BBA22B8BC3090078DDF9 /* EssentialFeediOS.framework */; };
		2323BBBC2B8E6C240078DDF9 /* FeedUIIntegrationTests.swift in Sources */ = {isa = PBXBuildFile; fileRef = 2323BBBB2B8E6C240078DDF9 /* FeedUIIntegrationTests.swift */; };
		232FF78F2BB067F500551ED2 /* UITableView+CellDequeuing.swift in Sources */ = {isa = PBXBuildFile; fileRef = 232FF78E2BB067F500551ED2 /* UITableView+CellDequeuing.swift */; };
		232FF7912BB06A7900551ED2 /* UIImageView+Animation.swift in Sources */ = {isa = PBXBuildFile; fileRef = 232FF7902BB06A7900551ED2 /* UIImageView+Animation.swift */; };
		232FF79B2BB0786400551ED2 /* FeedViewControllerTests+Localization.swift in Sources */ = {isa = PBXBuildFile; fileRef = 232FF79A2BB0786400551ED2 /* FeedViewControllerTests+Localization.swift */; };
		232FF7A02BB07CE000551ED2 /* FeedLocalizationTests.swift in Sources */ = {isa = PBXBuildFile; fileRef = 232FF79F2BB07CE000551ED2 /* FeedLocalizationTests.swift */; };
		232FF7A22BB08D5700551ED2 /* MainQueueDispatchDecorator.swift in Sources */ = {isa = PBXBuildFile; fileRef = 232FF7A12BB08D5700551ED2 /* MainQueueDispatchDecorator.swift */; };
		232FF7A42BB08EA900551ED2 /* WeakRefVirtualProxy.swift in Sources */ = {isa = PBXBuildFile; fileRef = 232FF7A32BB08EA900551ED2 /* WeakRefVirtualProxy.swift */; };
		232FF7A62BB08F4200551ED2 /* FeedImageDataLoaderPresentationAdapter.swift in Sources */ = {isa = PBXBuildFile; fileRef = 232FF7A52BB08F4200551ED2 /* FeedImageDataLoaderPresentationAdapter.swift */; };
		232FF7A82BB08FCD00551ED2 /* FeedViewAdapter.swift in Sources */ = {isa = PBXBuildFile; fileRef = 232FF7A72BB08FCD00551ED2 /* FeedViewAdapter.swift */; };
		232FF7AA2BB0902A00551ED2 /* FeedLoaderPresentationAdapter.swift in Sources */ = {isa = PBXBuildFile; fileRef = 232FF7A92BB0902A00551ED2 /* FeedLoaderPresentationAdapter.swift */; };
		2336B61E2AE5871700B29183 /* EssentialFeedAPIEndToEndTests.swift in Sources */ = {isa = PBXBuildFile; fileRef = 2336B61D2AE5871700B29183 /* EssentialFeedAPIEndToEndTests.swift */; };
		2336B61F2AE5871700B29183 /* EssentialFeed.framework in Frameworks */ = {isa = PBXBuildFile; fileRef = 239A1B492AD700EB006C98E2 /* EssentialFeed.framework */; };
		2336B6252AE5932D00B29183 /* XCTestCase+MemoryleakTracking.swift in Sources */ = {isa = PBXBuildFile; fileRef = 236C634A2AE2DADF0087D076 /* XCTestCase+MemoryleakTracking.swift */; };
		2349452A2BC690D200D9E028 /* FeedPresenter.swift in Sources */ = {isa = PBXBuildFile; fileRef = 234945292BC690D200D9E028 /* FeedPresenter.swift */; };
		2349452B2BC6925700D9E028 /* Feed.strings in Resources */ = {isa = PBXBuildFile; fileRef = 234945232BC68AD100D9E028 /* Feed.strings */; };
		2349452D2BC692F700D9E028 /* FeedLoadingViewModel.swift in Sources */ = {isa = PBXBuildFile; fileRef = 2349452C2BC692F700D9E028 /* FeedLoadingViewModel.swift */; };
		2349452F2BC6937B00D9E028 /* FeedViewModel.swift in Sources */ = {isa = PBXBuildFile; fileRef = 2349452E2BC6937B00D9E028 /* FeedViewModel.swift */; };
		234945312BC693A800D9E028 /* FeedErrorViewModel.swift in Sources */ = {isa = PBXBuildFile; fileRef = 234945302BC693A800D9E028 /* FeedErrorViewModel.swift */; };
		234999AD2BBB311D0062CBC6 /* UIRefreshControl+Helpers.swift in Sources */ = {isa = PBXBuildFile; fileRef = 234999AC2BBB311D0062CBC6 /* UIRefreshControl+Helpers.swift */; };
		235DAC0E2B0D319A000C3466 /* FeedCachePolicy.swift in Sources */ = {isa = PBXBuildFile; fileRef = 235DAC0D2B0D319A000C3466 /* FeedCachePolicy.swift */; };
		23629AAB2BA9F2D20088A2A3 /* Feed.storyboard in Resources */ = {isa = PBXBuildFile; fileRef = 23629AAA2BA9F2D20088A2A3 /* Feed.storyboard */; };
		23629AAD2BA9F45E0088A2A3 /* Feed.xcassets in Resources */ = {isa = PBXBuildFile; fileRef = 23629AAC2BA9F45E0088A2A3 /* Feed.xcassets */; };
		23649E592AF7FE7B00D107F1 /* CacheFeedUseCaseTests.swift in Sources */ = {isa = PBXBuildFile; fileRef = 23649E582AF7FE7B00D107F1 /* CacheFeedUseCaseTests.swift */; };
		236C634B2AE2DADF0087D076 /* XCTestCase+MemoryleakTracking.swift in Sources */ = {isa = PBXBuildFile; fileRef = 236C634A2AE2DADF0087D076 /* XCTestCase+MemoryleakTracking.swift */; };
		2393A1802B0543CB001734C3 /* LoadFeedFromCacheUseCasesTest.swift in Sources */ = {isa = PBXBuildFile; fileRef = 2393A17F2B0543CB001734C3 /* LoadFeedFromCacheUseCasesTest.swift */; };
		2393A1832B05468C001734C3 /* FeedStoreSpy.swift in Sources */ = {isa = PBXBuildFile; fileRef = 2393A1822B05468C001734C3 /* FeedStoreSpy.swift */; };
		239A1B522AD700EB006C98E2 /* EssentialFeed.framework in Frameworks */ = {isa = PBXBuildFile; fileRef = 239A1B492AD700EB006C98E2 /* EssentialFeed.framework */; };
		239A1B622AD70153006C98E2 /* FeedImage.swift in Sources */ = {isa = PBXBuildFile; fileRef = 239A1B612AD70153006C98E2 /* FeedImage.swift */; };
		239A1B642AD706C0006C98E2 /* FeedLoader.swift in Sources */ = {isa = PBXBuildFile; fileRef = 239A1B632AD706C0006C98E2 /* FeedLoader.swift */; };
		239A1B682AD70DF8006C98E2 /* RemoteFeedLoaderTests.swift in Sources */ = {isa = PBXBuildFile; fileRef = 239A1B672AD70DF8006C98E2 /* RemoteFeedLoaderTests.swift */; };
		239A1B6B2AD81BB6006C98E2 /* RemoteFeedLoader.swift in Sources */ = {isa = PBXBuildFile; fileRef = 239A1B6A2AD81BB6006C98E2 /* RemoteFeedLoader.swift */; };
		239B4A642BA0CC00003ADF42 /* FeedImageDataLoader.swift in Sources */ = {isa = PBXBuildFile; fileRef = 239B4A632BA0CC00003ADF42 /* FeedImageDataLoader.swift */; };
		239B4A6A2BA7041F003ADF42 /* FeedImageCellController.swift in Sources */ = {isa = PBXBuildFile; fileRef = 239B4A692BA7041F003ADF42 /* FeedImageCellController.swift */; };
		239B4A6C2BA70BC4003ADF42 /* FeedUIComposer.swift in Sources */ = {isa = PBXBuildFile; fileRef = 239B4A6B2BA70BC4003ADF42 /* FeedUIComposer.swift */; };
		239B4A722BA75D39003ADF42 /* FeedImageViewModel.swift in Sources */ = {isa = PBXBuildFile; fileRef = 239B4A712BA75D39003ADF42 /* FeedImageViewModel.swift */; };
		239C3F0B2AE3FB6600347ED8 /* URLSessionHTTPClient.swift in Sources */ = {isa = PBXBuildFile; fileRef = 239C3F0A2AE3FB6600347ED8 /* URLSessionHTTPClient.swift */; };
		239FE95D2B0A277900A7F456 /* ValidateFeedFromCacheUseCasesTest.swift in Sources */ = {isa = PBXBuildFile; fileRef = 239FE95C2B0A277900A7F456 /* ValidateFeedFromCacheUseCasesTest.swift */; };
		239FE95F2B0A82A300A7F456 /* FeedCacheTestHelpers.swift in Sources */ = {isa = PBXBuildFile; fileRef = 239FE95E2B0A82A300A7F456 /* FeedCacheTestHelpers.swift */; };
		239FE9612B0A84A700A7F456 /* SharedTestHelpers.swift in Sources */ = {isa = PBXBuildFile; fileRef = 239FE9602B0A84A700A7F456 /* SharedTestHelpers.swift */; };
		23A475632B94DAA90051FDA8 /* EssentialFeed.framework in Frameworks */ = {isa = PBXBuildFile; fileRef = 239A1B492AD700EB006C98E2 /* EssentialFeed.framework */; platformFilter = ios; };
		23A475642B94DAA90051FDA8 /* EssentialFeed.framework in Embed Frameworks */ = {isa = PBXBuildFile; fileRef = 239A1B492AD700EB006C98E2 /* EssentialFeed.framework */; platformFilter = ios; settings = {ATTRIBUTES = (CodeSignOnCopy, RemoveHeadersOnCopy, ); }; };
		23A475682B94DD820051FDA8 /* XCTestCase+MemoryleakTracking.swift in Sources */ = {isa = PBXBuildFile; fileRef = 236C634A2AE2DADF0087D076 /* XCTestCase+MemoryleakTracking.swift */; };
		23A6DA4F2B013662003E6238 /* LocalFeedLoader.swift in Sources */ = {isa = PBXBuildFile; fileRef = 23A6DA4E2B013662003E6238 /* LocalFeedLoader.swift */; };
		23A6DA512B01377C003E6238 /* FeedStore.swift in Sources */ = {isa = PBXBuildFile; fileRef = 23A6DA502B01377C003E6238 /* FeedStore.swift */; };
		23A6DA532B0152ED003E6238 /* RemoteFeedItem.swift in Sources */ = {isa = PBXBuildFile; fileRef = 23A6DA522B0152ED003E6238 /* RemoteFeedItem.swift */; };
		23A6DA552B015361003E6238 /* LocalFeedImage.swift in Sources */ = {isa = PBXBuildFile; fileRef = 23A6DA542B015361003E6238 /* LocalFeedImage.swift */; };
		23B2483F2B9DD45B00AE1A42 /* UiView+Shimmering.swift in Sources */ = {isa = PBXBuildFile; fileRef = 23B2483E2B9DD45B00AE1A42 /* UiView+Shimmering.swift */; };
		23B248422B9E298E00AE1A42 /* UIImage+TestHelpers.swift in Sources */ = {isa = PBXBuildFile; fileRef = 23B248412B9E298E00AE1A42 /* UIImage+TestHelpers.swift */; };
		23B248442B9E2A2C00AE1A42 /* UIRefreshControl+TestHelpers.swift in Sources */ = {isa = PBXBuildFile; fileRef = 23B248432B9E2A2C00AE1A42 /* UIRefreshControl+TestHelpers.swift */; };
		23B248462B9E2AC300AE1A42 /* UIButton+testHelpers.swift in Sources */ = {isa = PBXBuildFile; fileRef = 23B248452B9E2AC300AE1A42 /* UIButton+testHelpers.swift */; };
		23B248482B9E2B6900AE1A42 /* UIControl+TestHelpers.swift in Sources */ = {isa = PBXBuildFile; fileRef = 23B248472B9E2B6900AE1A42 /* UIControl+TestHelpers.swift */; };
		23B2484D2B9E2D5E00AE1A42 /* FeedViewController+TestHelpers.swift in Sources */ = {isa = PBXBuildFile; fileRef = 23B2484C2B9E2D5E00AE1A42 /* FeedViewController+TestHelpers.swift */; };
		23B2484F2B9E2F7200AE1A42 /* FakeRefreshControl.swift in Sources */ = {isa = PBXBuildFile; fileRef = 23B2484E2B9E2F7200AE1A42 /* FakeRefreshControl.swift */; };
		23B248512B9E30E300AE1A42 /* FeedImageViewControllerTests+LoaderSpy.swift in Sources */ = {isa = PBXBuildFile; fileRef = 23B248502B9E30E300AE1A42 /* FeedImageViewControllerTests+LoaderSpy.swift */; };
		23BDF0882BBB18F400A932CA /* ErrorView.swift in Sources */ = {isa = PBXBuildFile; fileRef = 23BDF0872BBB18F400A932CA /* ErrorView.swift */; };
		23C5F42D2B700812005B7D38 /* CoreDataFeedStoreTests.swift in Sources */ = {isa = PBXBuildFile; fileRef = 23C5F42C2B700812005B7D38 /* CoreDataFeedStoreTests.swift */; };
		23C5F42F2B700998005B7D38 /* CoreDataFeedStore.swift in Sources */ = {isa = PBXBuildFile; fileRef = 23C5F42E2B700998005B7D38 /* CoreDataFeedStore.swift */; };
		23D1A35B2ADDB0B400D9768E /* HttpClient.swift in Sources */ = {isa = PBXBuildFile; fileRef = 23D1A35A2ADDB0B400D9768E /* HttpClient.swift */; };
		23D1A35D2ADDB15800D9768E /* FeedItemMapper.swift in Sources */ = {isa = PBXBuildFile; fileRef = 23D1A35C2ADDB15800D9768E /* FeedItemMapper.swift */; };
		23D1A3622ADFD3E000D9768E /* URLSessionHttpClientTests.swift in Sources */ = {isa = PBXBuildFile; fileRef = 23D1A3612ADFD3E000D9768E /* URLSessionHttpClientTests.swift */; };
		23D32B272B1E47CF004A2E3D /* FeedStoreSpecs.swift in Sources */ = {isa = PBXBuildFile; fileRef = 23D32B262B1E47CF004A2E3D /* FeedStoreSpecs.swift */; };
		23D32B292B1E4991004A2E3D /* XCTestCase+FeedStoreSpecs.swift in Sources */ = {isa = PBXBuildFile; fileRef = 23D32B282B1E4991004A2E3D /* XCTestCase+FeedStoreSpecs.swift */; };
		23D32B2B2B1E56FB004A2E3D /* XCTestCase+FailableInsertFeedStoreSpecs.swift in Sources */ = {isa = PBXBuildFile; fileRef = 23D32B2A2B1E56FB004A2E3D /* XCTestCase+FailableInsertFeedStoreSpecs.swift */; };
		23D92FBE2B98EBF200DA1021 /* FeedViewController.swift in Sources */ = {isa = PBXBuildFile; fileRef = 23D92FBD2B98EBF200DA1021 /* FeedViewController.swift */; };
		23DE48552B1E5F3900DCD8FE /* XCTestCase+FailableRetrieveFeedStoreSpecs.swift in Sources */ = {isa = PBXBuildFile; fileRef = 23DE48542B1E5F3900DCD8FE /* XCTestCase+FailableRetrieveFeedStoreSpecs.swift */; };
		23DE48572B1E5F8300DCD8FE /* XCTeastCase+FailableDeleteFeedStoreSpecs.swift in Sources */ = {isa = PBXBuildFile; fileRef = 23DE48562B1E5F8300DCD8FE /* XCTeastCase+FailableDeleteFeedStoreSpecs.swift */; };
		23DFB1B12BC44F0D00ED7EE9 /* FeedPresenterTests.swift in Sources */ = {isa = PBXBuildFile; fileRef = 23DFB1B02BC44F0D00ED7EE9 /* FeedPresenterTests.swift */; };
		23E11F9D2B79356A00FF17E0 /* FeedStore.xcdatamodeld in Sources */ = {isa = PBXBuildFile; fileRef = 23E11F9B2B79356A00FF17E0 /* FeedStore.xcdatamodeld */; };
		23E11FA12B7954CF00FF17E0 /* CoreDataHelpers.swift in Sources */ = {isa = PBXBuildFile; fileRef = 23E11FA02B7954CF00FF17E0 /* CoreDataHelpers.swift */; };
		23E11FA32B79557C00FF17E0 /* ManagedCache.swift in Sources */ = {isa = PBXBuildFile; fileRef = 23E11FA22B79557C00FF17E0 /* ManagedCache.swift */; };
		23E11FA52B79568900FF17E0 /* ManagedFeedImage.swift in Sources */ = {isa = PBXBuildFile; fileRef = 23E11FA42B79568900FF17E0 /* ManagedFeedImage.swift */; };
		23E11FAD2B7BE94E00FF17E0 /* EssentialFeedCacheIntegrationTests.swift in Sources */ = {isa = PBXBuildFile; fileRef = 23E11FAC2B7BE94E00FF17E0 /* EssentialFeedCacheIntegrationTests.swift */; };
		23E11FAE2B7BE94E00FF17E0 /* EssentialFeed.framework in Frameworks */ = {isa = PBXBuildFile; fileRef = 239A1B492AD700EB006C98E2 /* EssentialFeed.framework */; };
		23E11FB42B7BEA6D00FF17E0 /* XCTestCase+MemoryleakTracking.swift in Sources */ = {isa = PBXBuildFile; fileRef = 236C634A2AE2DADF0087D076 /* XCTestCase+MemoryleakTracking.swift */; };
		23E11FB52B7BED8800FF17E0 /* SharedTestHelpers.swift in Sources */ = {isa = PBXBuildFile; fileRef = 239FE9602B0A84A700A7F456 /* SharedTestHelpers.swift */; };
		23E11FB62B7BED8F00FF17E0 /* FeedCacheTestHelpers.swift in Sources */ = {isa = PBXBuildFile; fileRef = 239FE95E2B0A82A300A7F456 /* FeedCacheTestHelpers.swift */; };
/* End PBXBuildFile section */

/* Begin PBXContainerItemProxy section */
		2323BBAB2B8BC30A0078DDF9 /* PBXContainerItemProxy */ = {
			isa = PBXContainerItemProxy;
			containerPortal = 239A1B402AD700EB006C98E2 /* Project object */;
			proxyType = 1;
			remoteGlobalIDString = 2323BBA12B8BC3090078DDF9;
			remoteInfo = EssentialFeediOS;
		};
		2336B6202AE5871700B29183 /* PBXContainerItemProxy */ = {
			isa = PBXContainerItemProxy;
			containerPortal = 239A1B402AD700EB006C98E2 /* Project object */;
			proxyType = 1;
			remoteGlobalIDString = 239A1B482AD700EB006C98E2;
			remoteInfo = EssentialFeed;
		};
		239A1B532AD700EB006C98E2 /* PBXContainerItemProxy */ = {
			isa = PBXContainerItemProxy;
			containerPortal = 239A1B402AD700EB006C98E2 /* Project object */;
			proxyType = 1;
			remoteGlobalIDString = 239A1B482AD700EB006C98E2;
			remoteInfo = EssentialFeed;
		};
		23A475652B94DAA90051FDA8 /* PBXContainerItemProxy */ = {
			isa = PBXContainerItemProxy;
			containerPortal = 239A1B402AD700EB006C98E2 /* Project object */;
			proxyType = 1;
			remoteGlobalIDString = 239A1B482AD700EB006C98E2;
			remoteInfo = EssentialFeed;
		};
		23E11FAF2B7BE94E00FF17E0 /* PBXContainerItemProxy */ = {
			isa = PBXContainerItemProxy;
			containerPortal = 239A1B402AD700EB006C98E2 /* Project object */;
			proxyType = 1;
			remoteGlobalIDString = 239A1B482AD700EB006C98E2;
			remoteInfo = EssentialFeed;
		};
/* End PBXContainerItemProxy section */

/* Begin PBXCopyFilesBuildPhase section */
		23A475672B94DAA90051FDA8 /* Embed Frameworks */ = {
			isa = PBXCopyFilesBuildPhase;
			buildActionMask = 2147483647;
			dstPath = "";
			dstSubfolderSpec = 10;
			files = (
				23A475642B94DAA90051FDA8 /* EssentialFeed.framework in Embed Frameworks */,
			);
			name = "Embed Frameworks";
			runOnlyForDeploymentPostprocessing = 0;
		};
/* End PBXCopyFilesBuildPhase section */

/* Begin PBXFileReference section */
		231405B92BB04AC60072D94C /* FeedImagePresenter.swift */ = {isa = PBXFileReference; lastKnownFileType = sourcecode.swift; path = FeedImagePresenter.swift; sourceTree = "<group>"; };
		231B5F082B9CDB06004DA623 /* FeedImageCell.swift */ = {isa = PBXFileReference; lastKnownFileType = sourcecode.swift; path = FeedImageCell.swift; sourceTree = "<group>"; };
		2323BB9C2B8BC1B70078DDF9 /* EssentialFeedCacheIntegrationTests.xctestplan */ = {isa = PBXFileReference; lastKnownFileType = text; path = EssentialFeedCacheIntegrationTests.xctestplan; sourceTree = "<group>"; };
		2323BBA22B8BC3090078DDF9 /* EssentialFeediOS.framework */ = {isa = PBXFileReference; explicitFileType = wrapper.framework; includeInIndex = 0; path = EssentialFeediOS.framework; sourceTree = BUILT_PRODUCTS_DIR; };
		2323BBA92B8BC3090078DDF9 /* EssentialFeediOSTests.xctest */ = {isa = PBXFileReference; explicitFileType = wrapper.cfbundle; includeInIndex = 0; path = EssentialFeediOSTests.xctest; sourceTree = BUILT_PRODUCTS_DIR; };
		2323BBB72B8BC3B70078DDF9 /* EssentialFeediOSTests.xctestplan */ = {isa = PBXFileReference; lastKnownFileType = text; path = EssentialFeediOSTests.xctestplan; sourceTree = "<group>"; };
		2323BBB82B8BC5350078DDF9 /* CI_iOS.xctestplan */ = {isa = PBXFileReference; lastKnownFileType = text; name = CI_iOS.xctestplan; path = ../CI_iOS.xctestplan; sourceTree = "<group>"; };
		2323BBBB2B8E6C240078DDF9 /* FeedUIIntegrationTests.swift */ = {isa = PBXFileReference; lastKnownFileType = sourcecode.swift; path = FeedUIIntegrationTests.swift; sourceTree = "<group>"; };
		232FF78E2BB067F500551ED2 /* UITableView+CellDequeuing.swift */ = {isa = PBXFileReference; lastKnownFileType = sourcecode.swift; path = "UITableView+CellDequeuing.swift"; sourceTree = "<group>"; };
		232FF7902BB06A7900551ED2 /* UIImageView+Animation.swift */ = {isa = PBXFileReference; lastKnownFileType = sourcecode.swift; path = "UIImageView+Animation.swift"; sourceTree = "<group>"; };
		232FF79A2BB0786400551ED2 /* FeedViewControllerTests+Localization.swift */ = {isa = PBXFileReference; lastKnownFileType = sourcecode.swift; path = "FeedViewControllerTests+Localization.swift"; sourceTree = "<group>"; };
		232FF79F2BB07CE000551ED2 /* FeedLocalizationTests.swift */ = {isa = PBXFileReference; lastKnownFileType = sourcecode.swift; path = FeedLocalizationTests.swift; sourceTree = "<group>"; };
		232FF7A12BB08D5700551ED2 /* MainQueueDispatchDecorator.swift */ = {isa = PBXFileReference; lastKnownFileType = sourcecode.swift; path = MainQueueDispatchDecorator.swift; sourceTree = "<group>"; };
		232FF7A32BB08EA900551ED2 /* WeakRefVirtualProxy.swift */ = {isa = PBXFileReference; lastKnownFileType = sourcecode.swift; path = WeakRefVirtualProxy.swift; sourceTree = "<group>"; };
		232FF7A52BB08F4200551ED2 /* FeedImageDataLoaderPresentationAdapter.swift */ = {isa = PBXFileReference; lastKnownFileType = sourcecode.swift; path = FeedImageDataLoaderPresentationAdapter.swift; sourceTree = "<group>"; };
		232FF7A72BB08FCD00551ED2 /* FeedViewAdapter.swift */ = {isa = PBXFileReference; lastKnownFileType = sourcecode.swift; path = FeedViewAdapter.swift; sourceTree = "<group>"; };
		232FF7A92BB0902A00551ED2 /* FeedLoaderPresentationAdapter.swift */ = {isa = PBXFileReference; lastKnownFileType = sourcecode.swift; path = FeedLoaderPresentationAdapter.swift; sourceTree = "<group>"; };
		2336B61B2AE5871700B29183 /* EssentialFeedAPIEndToEndTests.xctest */ = {isa = PBXFileReference; explicitFileType = wrapper.cfbundle; includeInIndex = 0; path = EssentialFeedAPIEndToEndTests.xctest; sourceTree = BUILT_PRODUCTS_DIR; };
		2336B61D2AE5871700B29183 /* EssentialFeedAPIEndToEndTests.swift */ = {isa = PBXFileReference; lastKnownFileType = sourcecode.swift; path = EssentialFeedAPIEndToEndTests.swift; sourceTree = "<group>"; };
		2336B63D2AE6D76D00B29183 /* CI_macOS.xctestplan */ = {isa = PBXFileReference; lastKnownFileType = text; path = CI_macOS.xctestplan; sourceTree = "<group>"; };
		234945242BC68AD100D9E028 /* en */ = {isa = PBXFileReference; lastKnownFileType = text.plist.strings; name = en; path = en.lproj/Feed.strings; sourceTree = "<group>"; };
		234945262BC68AE300D9E028 /* it */ = {isa = PBXFileReference; lastKnownFileType = text.plist.strings; name = it; path = it.lproj/Feed.strings; sourceTree = "<group>"; };
		234945272BC68AE400D9E028 /* pt-BR */ = {isa = PBXFileReference; lastKnownFileType = text.plist.strings; name = "pt-BR"; path = "pt-BR.lproj/Feed.strings"; sourceTree = "<group>"; };
		234945292BC690D200D9E028 /* FeedPresenter.swift */ = {isa = PBXFileReference; lastKnownFileType = sourcecode.swift; path = FeedPresenter.swift; sourceTree = "<group>"; };
		2349452C2BC692F700D9E028 /* FeedLoadingViewModel.swift */ = {isa = PBXFileReference; lastKnownFileType = sourcecode.swift; path = FeedLoadingViewModel.swift; sourceTree = "<group>"; };
		2349452E2BC6937B00D9E028 /* FeedViewModel.swift */ = {isa = PBXFileReference; lastKnownFileType = sourcecode.swift; path = FeedViewModel.swift; sourceTree = "<group>"; };
		234945302BC693A800D9E028 /* FeedErrorViewModel.swift */ = {isa = PBXFileReference; lastKnownFileType = sourcecode.swift; path = FeedErrorViewModel.swift; sourceTree = "<group>"; };
		234999AC2BBB311D0062CBC6 /* UIRefreshControl+Helpers.swift */ = {isa = PBXFileReference; lastKnownFileType = sourcecode.swift; path = "UIRefreshControl+Helpers.swift"; sourceTree = "<group>"; };
		235DAC0D2B0D319A000C3466 /* FeedCachePolicy.swift */ = {isa = PBXFileReference; lastKnownFileType = sourcecode.swift; path = FeedCachePolicy.swift; sourceTree = "<group>"; };
		23629AAA2BA9F2D20088A2A3 /* Feed.storyboard */ = {isa = PBXFileReference; lastKnownFileType = file.storyboard; path = Feed.storyboard; sourceTree = "<group>"; };
		23629AAC2BA9F45E0088A2A3 /* Feed.xcassets */ = {isa = PBXFileReference; lastKnownFileType = folder.assetcatalog; path = Feed.xcassets; sourceTree = "<group>"; };
		23649E582AF7FE7B00D107F1 /* CacheFeedUseCaseTests.swift */ = {isa = PBXFileReference; lastKnownFileType = sourcecode.swift; path = CacheFeedUseCaseTests.swift; sourceTree = "<group>"; };
		236C31912AE833B60009A0EF /* CI.yml */ = {isa = PBXFileReference; lastKnownFileType = text.yaml; name = CI.yml; path = .github/workflows/CI.yml; sourceTree = "<group>"; };
		236C31922AE985520009A0EF /* README.md */ = {isa = PBXFileReference; lastKnownFileType = net.daringfireball.markdown; path = README.md; sourceTree = "<group>"; };
		236C634A2AE2DADF0087D076 /* XCTestCase+MemoryleakTracking.swift */ = {isa = PBXFileReference; lastKnownFileType = sourcecode.swift; path = "XCTestCase+MemoryleakTracking.swift"; sourceTree = "<group>"; };
		2393A17F2B0543CB001734C3 /* LoadFeedFromCacheUseCasesTest.swift */ = {isa = PBXFileReference; lastKnownFileType = sourcecode.swift; path = LoadFeedFromCacheUseCasesTest.swift; sourceTree = "<group>"; };
		2393A1822B05468C001734C3 /* FeedStoreSpy.swift */ = {isa = PBXFileReference; lastKnownFileType = sourcecode.swift; path = FeedStoreSpy.swift; sourceTree = "<group>"; };
		239A1B492AD700EB006C98E2 /* EssentialFeed.framework */ = {isa = PBXFileReference; explicitFileType = wrapper.framework; includeInIndex = 0; path = EssentialFeed.framework; sourceTree = BUILT_PRODUCTS_DIR; };
		239A1B512AD700EB006C98E2 /* EssentialFeedTests.xctest */ = {isa = PBXFileReference; explicitFileType = wrapper.cfbundle; includeInIndex = 0; path = EssentialFeedTests.xctest; sourceTree = BUILT_PRODUCTS_DIR; };
		239A1B612AD70153006C98E2 /* FeedImage.swift */ = {isa = PBXFileReference; lastKnownFileType = sourcecode.swift; path = FeedImage.swift; sourceTree = "<group>"; };
		239A1B632AD706C0006C98E2 /* FeedLoader.swift */ = {isa = PBXFileReference; lastKnownFileType = sourcecode.swift; path = FeedLoader.swift; sourceTree = "<group>"; };
		239A1B672AD70DF8006C98E2 /* RemoteFeedLoaderTests.swift */ = {isa = PBXFileReference; lastKnownFileType = sourcecode.swift; path = RemoteFeedLoaderTests.swift; sourceTree = "<group>"; };
		239A1B6A2AD81BB6006C98E2 /* RemoteFeedLoader.swift */ = {isa = PBXFileReference; lastKnownFileType = sourcecode.swift; path = RemoteFeedLoader.swift; sourceTree = "<group>"; };
		239B4A632BA0CC00003ADF42 /* FeedImageDataLoader.swift */ = {isa = PBXFileReference; lastKnownFileType = sourcecode.swift; path = FeedImageDataLoader.swift; sourceTree = "<group>"; };
		239B4A692BA7041F003ADF42 /* FeedImageCellController.swift */ = {isa = PBXFileReference; lastKnownFileType = sourcecode.swift; path = FeedImageCellController.swift; sourceTree = "<group>"; };
		239B4A6B2BA70BC4003ADF42 /* FeedUIComposer.swift */ = {isa = PBXFileReference; lastKnownFileType = sourcecode.swift; path = FeedUIComposer.swift; sourceTree = "<group>"; };
		239B4A712BA75D39003ADF42 /* FeedImageViewModel.swift */ = {isa = PBXFileReference; lastKnownFileType = sourcecode.swift; path = FeedImageViewModel.swift; sourceTree = "<group>"; };
		239C3F0A2AE3FB6600347ED8 /* URLSessionHTTPClient.swift */ = {isa = PBXFileReference; lastKnownFileType = sourcecode.swift; path = URLSessionHTTPClient.swift; sourceTree = "<group>"; };
		239C3F0C2AE3FF0500347ED8 /* EssentialFeed.xctestplan */ = {isa = PBXFileReference; lastKnownFileType = text; path = EssentialFeed.xctestplan; sourceTree = "<group>"; };
		239FE95C2B0A277900A7F456 /* ValidateFeedFromCacheUseCasesTest.swift */ = {isa = PBXFileReference; lastKnownFileType = sourcecode.swift; name = ValidateFeedFromCacheUseCasesTest.swift; path = "EssentialFeedTests/Feed Cache/ValidateFeedFromCacheUseCasesTest.swift"; sourceTree = SOURCE_ROOT; };
		239FE95E2B0A82A300A7F456 /* FeedCacheTestHelpers.swift */ = {isa = PBXFileReference; lastKnownFileType = sourcecode.swift; path = FeedCacheTestHelpers.swift; sourceTree = "<group>"; };
		239FE9602B0A84A700A7F456 /* SharedTestHelpers.swift */ = {isa = PBXFileReference; lastKnownFileType = sourcecode.swift; path = SharedTestHelpers.swift; sourceTree = "<group>"; };
		23A6DA4E2B013662003E6238 /* LocalFeedLoader.swift */ = {isa = PBXFileReference; lastKnownFileType = sourcecode.swift; path = LocalFeedLoader.swift; sourceTree = "<group>"; };
		23A6DA502B01377C003E6238 /* FeedStore.swift */ = {isa = PBXFileReference; lastKnownFileType = sourcecode.swift; path = FeedStore.swift; sourceTree = "<group>"; };
		23A6DA522B0152ED003E6238 /* RemoteFeedItem.swift */ = {isa = PBXFileReference; lastKnownFileType = sourcecode.swift; path = RemoteFeedItem.swift; sourceTree = "<group>"; };
		23A6DA542B015361003E6238 /* LocalFeedImage.swift */ = {isa = PBXFileReference; lastKnownFileType = sourcecode.swift; path = LocalFeedImage.swift; sourceTree = "<group>"; };
		23B2483E2B9DD45B00AE1A42 /* UiView+Shimmering.swift */ = {isa = PBXFileReference; lastKnownFileType = sourcecode.swift; path = "UiView+Shimmering.swift"; sourceTree = "<group>"; };
		23B248412B9E298E00AE1A42 /* UIImage+TestHelpers.swift */ = {isa = PBXFileReference; lastKnownFileType = sourcecode.swift; path = "UIImage+TestHelpers.swift"; sourceTree = "<group>"; };
		23B248432B9E2A2C00AE1A42 /* UIRefreshControl+TestHelpers.swift */ = {isa = PBXFileReference; lastKnownFileType = sourcecode.swift; path = "UIRefreshControl+TestHelpers.swift"; sourceTree = "<group>"; };
		23B248452B9E2AC300AE1A42 /* UIButton+testHelpers.swift */ = {isa = PBXFileReference; lastKnownFileType = sourcecode.swift; path = "UIButton+testHelpers.swift"; sourceTree = "<group>"; };
		23B248472B9E2B6900AE1A42 /* UIControl+TestHelpers.swift */ = {isa = PBXFileReference; lastKnownFileType = sourcecode.swift; path = "UIControl+TestHelpers.swift"; sourceTree = "<group>"; };
		23B2484C2B9E2D5E00AE1A42 /* FeedViewController+TestHelpers.swift */ = {isa = PBXFileReference; lastKnownFileType = sourcecode.swift; path = "FeedViewController+TestHelpers.swift"; sourceTree = "<group>"; };
		23B2484E2B9E2F7200AE1A42 /* FakeRefreshControl.swift */ = {isa = PBXFileReference; lastKnownFileType = sourcecode.swift; path = FakeRefreshControl.swift; sourceTree = "<group>"; };
		23B248502B9E30E300AE1A42 /* FeedImageViewControllerTests+LoaderSpy.swift */ = {isa = PBXFileReference; lastKnownFileType = sourcecode.swift; path = "FeedImageViewControllerTests+LoaderSpy.swift"; sourceTree = "<group>"; };
		23BDF0872BBB18F400A932CA /* ErrorView.swift */ = {isa = PBXFileReference; lastKnownFileType = sourcecode.swift; path = ErrorView.swift; sourceTree = "<group>"; };
		23C5F42C2B700812005B7D38 /* CoreDataFeedStoreTests.swift */ = {isa = PBXFileReference; lastKnownFileType = sourcecode.swift; path = CoreDataFeedStoreTests.swift; sourceTree = "<group>"; };
		23C5F42E2B700998005B7D38 /* CoreDataFeedStore.swift */ = {isa = PBXFileReference; lastKnownFileType = sourcecode.swift; path = CoreDataFeedStore.swift; sourceTree = "<group>"; };
		23D1A35A2ADDB0B400D9768E /* HttpClient.swift */ = {isa = PBXFileReference; lastKnownFileType = sourcecode.swift; path = HttpClient.swift; sourceTree = "<group>"; };
		23D1A35C2ADDB15800D9768E /* FeedItemMapper.swift */ = {isa = PBXFileReference; lastKnownFileType = sourcecode.swift; path = FeedItemMapper.swift; sourceTree = "<group>"; };
		23D1A3612ADFD3E000D9768E /* URLSessionHttpClientTests.swift */ = {isa = PBXFileReference; lastKnownFileType = sourcecode.swift; path = URLSessionHttpClientTests.swift; sourceTree = "<group>"; };
		23D32B262B1E47CF004A2E3D /* FeedStoreSpecs.swift */ = {isa = PBXFileReference; lastKnownFileType = sourcecode.swift; path = FeedStoreSpecs.swift; sourceTree = "<group>"; };
		23D32B282B1E4991004A2E3D /* XCTestCase+FeedStoreSpecs.swift */ = {isa = PBXFileReference; lastKnownFileType = sourcecode.swift; path = "XCTestCase+FeedStoreSpecs.swift"; sourceTree = "<group>"; };
		23D32B2A2B1E56FB004A2E3D /* XCTestCase+FailableInsertFeedStoreSpecs.swift */ = {isa = PBXFileReference; lastKnownFileType = sourcecode.swift; path = "XCTestCase+FailableInsertFeedStoreSpecs.swift"; sourceTree = "<group>"; };
		23D92FBD2B98EBF200DA1021 /* FeedViewController.swift */ = {isa = PBXFileReference; lastKnownFileType = sourcecode.swift; path = FeedViewController.swift; sourceTree = "<group>"; };
		23DE48542B1E5F3900DCD8FE /* XCTestCase+FailableRetrieveFeedStoreSpecs.swift */ = {isa = PBXFileReference; lastKnownFileType = sourcecode.swift; path = "XCTestCase+FailableRetrieveFeedStoreSpecs.swift"; sourceTree = "<group>"; };
		23DE48562B1E5F8300DCD8FE /* XCTeastCase+FailableDeleteFeedStoreSpecs.swift */ = {isa = PBXFileReference; lastKnownFileType = sourcecode.swift; path = "XCTeastCase+FailableDeleteFeedStoreSpecs.swift"; sourceTree = "<group>"; };
		23DFB1B02BC44F0D00ED7EE9 /* FeedPresenterTests.swift */ = {isa = PBXFileReference; lastKnownFileType = sourcecode.swift; path = FeedPresenterTests.swift; sourceTree = "<group>"; };
		23E11F9C2B79356A00FF17E0 /* FeedStore.xcdatamodel */ = {isa = PBXFileReference; lastKnownFileType = wrapper.xcdatamodel; path = FeedStore.xcdatamodel; sourceTree = "<group>"; };
		23E11FA02B7954CF00FF17E0 /* CoreDataHelpers.swift */ = {isa = PBXFileReference; lastKnownFileType = sourcecode.swift; path = CoreDataHelpers.swift; sourceTree = "<group>"; };
		23E11FA22B79557C00FF17E0 /* ManagedCache.swift */ = {isa = PBXFileReference; lastKnownFileType = sourcecode.swift; path = ManagedCache.swift; sourceTree = "<group>"; };
		23E11FA42B79568900FF17E0 /* ManagedFeedImage.swift */ = {isa = PBXFileReference; lastKnownFileType = sourcecode.swift; path = ManagedFeedImage.swift; sourceTree = "<group>"; };
		23E11FAA2B7BE94D00FF17E0 /* EssentialFeedCacheIntegrationTests.xctest */ = {isa = PBXFileReference; explicitFileType = wrapper.cfbundle; includeInIndex = 0; path = EssentialFeedCacheIntegrationTests.xctest; sourceTree = BUILT_PRODUCTS_DIR; };
		23E11FAC2B7BE94E00FF17E0 /* EssentialFeedCacheIntegrationTests.swift */ = {isa = PBXFileReference; lastKnownFileType = sourcecode.swift; path = EssentialFeedCacheIntegrationTests.swift; sourceTree = "<group>"; };
/* End PBXFileReference section */

/* Begin PBXFrameworksBuildPhase section */
		2323BB9F2B8BC3090078DDF9 /* Frameworks */ = {
			isa = PBXFrameworksBuildPhase;
			buildActionMask = 2147483647;
			files = (
				23A475632B94DAA90051FDA8 /* EssentialFeed.framework in Frameworks */,
			);
			runOnlyForDeploymentPostprocessing = 0;
		};
		2323BBA62B8BC3090078DDF9 /* Frameworks */ = {
			isa = PBXFrameworksBuildPhase;
			buildActionMask = 2147483647;
			files = (
				2323BBAA2B8BC30A0078DDF9 /* EssentialFeediOS.framework in Frameworks */,
			);
			runOnlyForDeploymentPostprocessing = 0;
		};
		2336B6182AE5871700B29183 /* Frameworks */ = {
			isa = PBXFrameworksBuildPhase;
			buildActionMask = 2147483647;
			files = (
				2336B61F2AE5871700B29183 /* EssentialFeed.framework in Frameworks */,
			);
			runOnlyForDeploymentPostprocessing = 0;
		};
		239A1B462AD700EB006C98E2 /* Frameworks */ = {
			isa = PBXFrameworksBuildPhase;
			buildActionMask = 2147483647;
			files = (
			);
			runOnlyForDeploymentPostprocessing = 0;
		};
		239A1B4E2AD700EB006C98E2 /* Frameworks */ = {
			isa = PBXFrameworksBuildPhase;
			buildActionMask = 2147483647;
			files = (
				239A1B522AD700EB006C98E2 /* EssentialFeed.framework in Frameworks */,
			);
			runOnlyForDeploymentPostprocessing = 0;
		};
		23E11FA72B7BE94D00FF17E0 /* Frameworks */ = {
			isa = PBXFrameworksBuildPhase;
			buildActionMask = 2147483647;
			files = (
				23E11FAE2B7BE94E00FF17E0 /* EssentialFeed.framework in Frameworks */,
			);
			runOnlyForDeploymentPostprocessing = 0;
		};
/* End PBXFrameworksBuildPhase section */

/* Begin PBXGroup section */
		2323BBA32B8BC3090078DDF9 /* EssentialFeediOS */ = {
			isa = PBXGroup;
			children = (
				239B4A732BA7661E003ADF42 /* FeedImageLoader */,
				239B4A742BA76654003ADF42 /* FeedPresentation */,
				239B4A622BA0CB93003ADF42 /* FeedUI */,
			);
			path = EssentialFeediOS;
			sourceTree = "<group>";
		};
		2323BBAD2B8BC30A0078DDF9 /* EssentialFeediOSTests */ = {
			isa = PBXGroup;
			children = (
				239B4A612BA0C9DD003ADF42 /* FeedUI */,
				2323BBB72B8BC3B70078DDF9 /* EssentialFeediOSTests.xctestplan */,
			);
			path = EssentialFeediOSTests;
			sourceTree = "<group>";
		};
		232FF79E2BB07CA300551ED2 /* Feed Presentatiom */ = {
			isa = PBXGroup;
			children = (
				232FF79F2BB07CE000551ED2 /* FeedLocalizationTests.swift */,
			);
			path = "Feed Presentatiom";
			sourceTree = "<group>";
		};
		2336B61C2AE5871700B29183 /* EssentialFeedAPIEndToEndTests */ = {
			isa = PBXGroup;
			children = (
				2336B61D2AE5871700B29183 /* EssentialFeedAPIEndToEndTests.swift */,
			);
			path = EssentialFeedAPIEndToEndTests;
			sourceTree = "<group>";
		};
		234945282BC690BA00D9E028 /* Feed Presentation */ = {
			isa = PBXGroup;
			children = (
				234945292BC690D200D9E028 /* FeedPresenter.swift */,
				2349452C2BC692F700D9E028 /* FeedLoadingViewModel.swift */,
				2349452E2BC6937B00D9E028 /* FeedViewModel.swift */,
				234945302BC693A800D9E028 /* FeedErrorViewModel.swift */,
				234945232BC68AD100D9E028 /* Feed.strings */,
			);
			path = "Feed Presentation";
			sourceTree = "<group>";
		};
		234999A92BBB2FA70062CBC6 /* Helpers */ = {
			isa = PBXGroup;
			children = (
				232FF78E2BB067F500551ED2 /* UITableView+CellDequeuing.swift */,
				23B2483E2B9DD45B00AE1A42 /* UiView+Shimmering.swift */,
				232FF7902BB06A7900551ED2 /* UIImageView+Animation.swift */,
				234999AC2BBB311D0062CBC6 /* UIRefreshControl+Helpers.swift */,
			);
			path = Helpers;
			sourceTree = "<group>";
		};
		23649E572AF7FE1200D107F1 /* Feed Cache */ = {
			isa = PBXGroup;
			children = (
				23DE48582B1E609A00DCD8FE /* FeedStoreSpecs */,
				2393A1812B054667001734C3 /* Helpers */,
				23649E582AF7FE7B00D107F1 /* CacheFeedUseCaseTests.swift */,
				2393A17F2B0543CB001734C3 /* LoadFeedFromCacheUseCasesTest.swift */,
				239FE95C2B0A277900A7F456 /* ValidateFeedFromCacheUseCasesTest.swift */,
				23C5F42C2B700812005B7D38 /* CoreDataFeedStoreTests.swift */,
			);
			path = "Feed Cache";
			sourceTree = "<group>";
		};
		236C63492AE2DAAD0087D076 /* Helpers */ = {
			isa = PBXGroup;
			children = (
				236C634A2AE2DADF0087D076 /* XCTestCase+MemoryleakTracking.swift */,
				239FE9602B0A84A700A7F456 /* SharedTestHelpers.swift */,
			);
			path = Helpers;
			sourceTree = "<group>";
		};
		2393A1812B054667001734C3 /* Helpers */ = {
			isa = PBXGroup;
			children = (
				2393A1822B05468C001734C3 /* FeedStoreSpy.swift */,
				239FE95E2B0A82A300A7F456 /* FeedCacheTestHelpers.swift */,
			);
			path = Helpers;
			sourceTree = "<group>";
		};
		239A1B3F2AD700EB006C98E2 = {
			isa = PBXGroup;
			children = (
				236C31922AE985520009A0EF /* README.md */,
				236C31912AE833B60009A0EF /* CI.yml */,
				2336B63D2AE6D76D00B29183 /* CI_macOS.xctestplan */,
				2323BBB82B8BC5350078DDF9 /* CI_iOS.xctestplan */,
				239A1B4B2AD700EB006C98E2 /* EssentialFeed */,
				239A1B552AD700EB006C98E2 /* EssentialFeedTests */,
				2336B61C2AE5871700B29183 /* EssentialFeedAPIEndToEndTests */,
				23E11FAB2B7BE94D00FF17E0 /* EssentialFeedCacheIntegrationTests */,
				2323BBA32B8BC3090078DDF9 /* EssentialFeediOS */,
				2323BBAD2B8BC30A0078DDF9 /* EssentialFeediOSTests */,
				239A1B4A2AD700EB006C98E2 /* Products */,
				23A475622B94DAA90051FDA8 /* Frameworks */,
			);
			sourceTree = "<group>";
		};
		239A1B4A2AD700EB006C98E2 /* Products */ = {
			isa = PBXGroup;
			children = (
				239A1B492AD700EB006C98E2 /* EssentialFeed.framework */,
				239A1B512AD700EB006C98E2 /* EssentialFeedTests.xctest */,
				2336B61B2AE5871700B29183 /* EssentialFeedAPIEndToEndTests.xctest */,
				23E11FAA2B7BE94D00FF17E0 /* EssentialFeedCacheIntegrationTests.xctest */,
				2323BBA22B8BC3090078DDF9 /* EssentialFeediOS.framework */,
				2323BBA92B8BC3090078DDF9 /* EssentialFeediOSTests.xctest */,
			);
			name = Products;
			sourceTree = "<group>";
		};
		239A1B4B2AD700EB006C98E2 /* EssentialFeed */ = {
			isa = PBXGroup;
			children = (
				234945282BC690BA00D9E028 /* Feed Presentation */,
				23A6DA4D2B01362E003E6238 /* FeedCache */,
				23D1A3602ADEC83800D9768E /* FeedFeature */,
				239A1B692AD81B90006C98E2 /* FeedApi */,
			);
			path = EssentialFeed;
			sourceTree = "<group>";
		};
		239A1B552AD700EB006C98E2 /* EssentialFeedTests */ = {
			isa = PBXGroup;
			children = (
				239C3F0C2AE3FF0500347ED8 /* EssentialFeed.xctestplan */,
				236C63492AE2DAAD0087D076 /* Helpers */,
				23649E572AF7FE1200D107F1 /* Feed Cache */,
				23D1A35F2ADEC76F00D9768E /* FeedApi */,
				23DFB1AD2BC44B8D00ED7EE9 /* Feed Presentation */,
			);
			path = EssentialFeedTests;
			sourceTree = "<group>";
		};
		239A1B692AD81B90006C98E2 /* FeedApi */ = {
			isa = PBXGroup;
			children = (
				239A1B6A2AD81BB6006C98E2 /* RemoteFeedLoader.swift */,
				23D1A35A2ADDB0B400D9768E /* HttpClient.swift */,
				23D1A35C2ADDB15800D9768E /* FeedItemMapper.swift */,
				239C3F0A2AE3FB6600347ED8 /* URLSessionHTTPClient.swift */,
				23A6DA522B0152ED003E6238 /* RemoteFeedItem.swift */,
			);
			path = FeedApi;
			sourceTree = "<group>";
		};
		239B4A612BA0C9DD003ADF42 /* FeedUI */ = {
			isa = PBXGroup;
			children = (
				23B248402B9E295C00AE1A42 /* Helpers */,
				232FF79E2BB07CA300551ED2 /* Feed Presentatiom */,
				2323BBBB2B8E6C240078DDF9 /* FeedUIIntegrationTests.swift */,
			);
			path = FeedUI;
			sourceTree = "<group>";
		};
		239B4A622BA0CB93003ADF42 /* FeedUI */ = {
			isa = PBXGroup;
			children = (
				239B4A6D2BA70BD1003ADF42 /* Composers */,
				23B248492B9E2C4D00AE1A42 /* Controllers */,
				23B2484A2B9E2C6A00AE1A42 /* Views */,
			);
			path = FeedUI;
			sourceTree = "<group>";
		};
		239B4A6D2BA70BD1003ADF42 /* Composers */ = {
			isa = PBXGroup;
			children = (
				239B4A6B2BA70BC4003ADF42 /* FeedUIComposer.swift */,
				232FF7A12BB08D5700551ED2 /* MainQueueDispatchDecorator.swift */,
				232FF7A32BB08EA900551ED2 /* WeakRefVirtualProxy.swift */,
				232FF7A52BB08F4200551ED2 /* FeedImageDataLoaderPresentationAdapter.swift */,
				232FF7A72BB08FCD00551ED2 /* FeedViewAdapter.swift */,
				232FF7A92BB0902A00551ED2 /* FeedLoaderPresentationAdapter.swift */,
			);
			path = Composers;
			sourceTree = "<group>";
		};
		239B4A732BA7661E003ADF42 /* FeedImageLoader */ = {
			isa = PBXGroup;
			children = (
				239B4A632BA0CC00003ADF42 /* FeedImageDataLoader.swift */,
			);
			path = FeedImageLoader;
			sourceTree = "<group>";
		};
		239B4A742BA76654003ADF42 /* FeedPresentation */ = {
			isa = PBXGroup;
			children = (
				231405B92BB04AC60072D94C /* FeedImagePresenter.swift */,
				239B4A712BA75D39003ADF42 /* FeedImageViewModel.swift */,
			);
			path = FeedPresentation;
			sourceTree = "<group>";
		};
		23A475622B94DAA90051FDA8 /* Frameworks */ = {
			isa = PBXGroup;
			children = (
			);
			name = Frameworks;
			sourceTree = "<group>";
		};
		23A6DA4D2B01362E003E6238 /* FeedCache */ = {
			isa = PBXGroup;
			children = (
				23E11F9E2B79540600FF17E0 /* Infrastructure */,
				23A6DA4E2B013662003E6238 /* LocalFeedLoader.swift */,
				23A6DA502B01377C003E6238 /* FeedStore.swift */,
				23A6DA542B015361003E6238 /* LocalFeedImage.swift */,
				235DAC0D2B0D319A000C3466 /* FeedCachePolicy.swift */,
			);
			path = FeedCache;
			sourceTree = "<group>";
		};
		23B248402B9E295C00AE1A42 /* Helpers */ = {
			isa = PBXGroup;
			children = (
				23B248412B9E298E00AE1A42 /* UIImage+TestHelpers.swift */,
				23B248432B9E2A2C00AE1A42 /* UIRefreshControl+TestHelpers.swift */,
				23B248452B9E2AC300AE1A42 /* UIButton+testHelpers.swift */,
				23B248472B9E2B6900AE1A42 /* UIControl+TestHelpers.swift */,
				23B2484C2B9E2D5E00AE1A42 /* FeedViewController+TestHelpers.swift */,
				23B2484E2B9E2F7200AE1A42 /* FakeRefreshControl.swift */,
				23B248502B9E30E300AE1A42 /* FeedImageViewControllerTests+LoaderSpy.swift */,
				232FF79A2BB0786400551ED2 /* FeedViewControllerTests+Localization.swift */,
			);
			path = Helpers;
			sourceTree = "<group>";
		};
		23B248492B9E2C4D00AE1A42 /* Controllers */ = {
			isa = PBXGroup;
			children = (
				23D92FBD2B98EBF200DA1021 /* FeedViewController.swift */,
				239B4A692BA7041F003ADF42 /* FeedImageCellController.swift */,
			);
			path = Controllers;
			sourceTree = "<group>";
		};
		23B2484A2B9E2C6A00AE1A42 /* Views */ = {
			isa = PBXGroup;
			children = (
				234999A92BBB2FA70062CBC6 /* Helpers */,
				231B5F082B9CDB06004DA623 /* FeedImageCell.swift */,
				23BDF0872BBB18F400A932CA /* ErrorView.swift */,
				23629AAA2BA9F2D20088A2A3 /* Feed.storyboard */,
				23629AAC2BA9F45E0088A2A3 /* Feed.xcassets */,
			);
			path = Views;
			sourceTree = "<group>";
		};
		23D1A35F2ADEC76F00D9768E /* FeedApi */ = {
			isa = PBXGroup;
			children = (
				239A1B672AD70DF8006C98E2 /* RemoteFeedLoaderTests.swift */,
				23D1A3612ADFD3E000D9768E /* URLSessionHttpClientTests.swift */,
			);
			path = FeedApi;
			sourceTree = "<group>";
		};
		23D1A3602ADEC83800D9768E /* FeedFeature */ = {
			isa = PBXGroup;
			children = (
				239A1B612AD70153006C98E2 /* FeedImage.swift */,
				239A1B632AD706C0006C98E2 /* FeedLoader.swift */,
			);
			path = FeedFeature;
			sourceTree = "<group>";
		};
		23DE48582B1E609A00DCD8FE /* FeedStoreSpecs */ = {
			isa = PBXGroup;
			children = (
				23D32B262B1E47CF004A2E3D /* FeedStoreSpecs.swift */,
				23D32B282B1E4991004A2E3D /* XCTestCase+FeedStoreSpecs.swift */,
				23D32B2A2B1E56FB004A2E3D /* XCTestCase+FailableInsertFeedStoreSpecs.swift */,
				23DE48542B1E5F3900DCD8FE /* XCTestCase+FailableRetrieveFeedStoreSpecs.swift */,
				23DE48562B1E5F8300DCD8FE /* XCTeastCase+FailableDeleteFeedStoreSpecs.swift */,
			);
			path = FeedStoreSpecs;
			sourceTree = "<group>";
		};
		23DFB1AD2BC44B8D00ED7EE9 /* Feed Presentation */ = {
			isa = PBXGroup;
			children = (
				23DFB1B02BC44F0D00ED7EE9 /* FeedPresenterTests.swift */,
			);
			path = "Feed Presentation";
			sourceTree = "<group>";
		};
		23E11F9E2B79540600FF17E0 /* Infrastructure */ = {
			isa = PBXGroup;
			children = (
				23E11F9F2B79541E00FF17E0 /* CoreData */,
			);
			path = Infrastructure;
			sourceTree = "<group>";
		};
		23E11F9F2B79541E00FF17E0 /* CoreData */ = {
			isa = PBXGroup;
			children = (
				23C5F42E2B700998005B7D38 /* CoreDataFeedStore.swift */,
				23E11F9B2B79356A00FF17E0 /* FeedStore.xcdatamodeld */,
				23E11FA02B7954CF00FF17E0 /* CoreDataHelpers.swift */,
				23E11FA22B79557C00FF17E0 /* ManagedCache.swift */,
				23E11FA42B79568900FF17E0 /* ManagedFeedImage.swift */,
			);
			path = CoreData;
			sourceTree = "<group>";
		};
		23E11FAB2B7BE94D00FF17E0 /* EssentialFeedCacheIntegrationTests */ = {
			isa = PBXGroup;
			children = (
				2323BB9C2B8BC1B70078DDF9 /* EssentialFeedCacheIntegrationTests.xctestplan */,
				23E11FAC2B7BE94E00FF17E0 /* EssentialFeedCacheIntegrationTests.swift */,
			);
			path = EssentialFeedCacheIntegrationTests;
			sourceTree = "<group>";
		};
/* End PBXGroup section */

/* Begin PBXHeadersBuildPhase section */
		2323BB9D2B8BC3090078DDF9 /* Headers */ = {
			isa = PBXHeadersBuildPhase;
			buildActionMask = 2147483647;
			files = (
			);
			runOnlyForDeploymentPostprocessing = 0;
		};
		239A1B442AD700EB006C98E2 /* Headers */ = {
			isa = PBXHeadersBuildPhase;
			buildActionMask = 2147483647;
			files = (
			);
			runOnlyForDeploymentPostprocessing = 0;
		};
/* End PBXHeadersBuildPhase section */

/* Begin PBXNativeTarget section */
		2323BBA12B8BC3090078DDF9 /* EssentialFeediOS */ = {
			isa = PBXNativeTarget;
			buildConfigurationList = 2323BBB12B8BC30A0078DDF9 /* Build configuration list for PBXNativeTarget "EssentialFeediOS" */;
			buildPhases = (
				2323BB9D2B8BC3090078DDF9 /* Headers */,
				2323BB9E2B8BC3090078DDF9 /* Sources */,
				2323BB9F2B8BC3090078DDF9 /* Frameworks */,
				2323BBA02B8BC3090078DDF9 /* Resources */,
				23A475672B94DAA90051FDA8 /* Embed Frameworks */,
			);
			buildRules = (
			);
			dependencies = (
				23A475662B94DAA90051FDA8 /* PBXTargetDependency */,
			);
			name = EssentialFeediOS;
			productName = EssentialFeediOS;
			productReference = 2323BBA22B8BC3090078DDF9 /* EssentialFeediOS.framework */;
			productType = "com.apple.product-type.framework";
		};
		2323BBA82B8BC3090078DDF9 /* EssentialFeediOSTests */ = {
			isa = PBXNativeTarget;
			buildConfigurationList = 2323BBB42B8BC30A0078DDF9 /* Build configuration list for PBXNativeTarget "EssentialFeediOSTests" */;
			buildPhases = (
				2323BBA52B8BC3090078DDF9 /* Sources */,
				2323BBA62B8BC3090078DDF9 /* Frameworks */,
				2323BBA72B8BC3090078DDF9 /* Resources */,
			);
			buildRules = (
			);
			dependencies = (
				2323BBAC2B8BC30A0078DDF9 /* PBXTargetDependency */,
			);
			name = EssentialFeediOSTests;
			productName = EssentialFeediOSTests;
			productReference = 2323BBA92B8BC3090078DDF9 /* EssentialFeediOSTests.xctest */;
			productType = "com.apple.product-type.bundle.unit-test";
		};
		2336B61A2AE5871700B29183 /* EssentialFeedAPIEndToEndTests */ = {
			isa = PBXNativeTarget;
			buildConfigurationList = 2336B6242AE5871700B29183 /* Build configuration list for PBXNativeTarget "EssentialFeedAPIEndToEndTests" */;
			buildPhases = (
				2336B6172AE5871700B29183 /* Sources */,
				2336B6182AE5871700B29183 /* Frameworks */,
				2336B6192AE5871700B29183 /* Resources */,
			);
			buildRules = (
			);
			dependencies = (
				2336B6212AE5871700B29183 /* PBXTargetDependency */,
			);
			name = EssentialFeedAPIEndToEndTests;
			productName = EssentialFeedAPIEndToEndTests;
			productReference = 2336B61B2AE5871700B29183 /* EssentialFeedAPIEndToEndTests.xctest */;
			productType = "com.apple.product-type.bundle.unit-test";
		};
		239A1B482AD700EB006C98E2 /* EssentialFeed */ = {
			isa = PBXNativeTarget;
			buildConfigurationList = 239A1B5B2AD700EB006C98E2 /* Build configuration list for PBXNativeTarget "EssentialFeed" */;
			buildPhases = (
				239A1B442AD700EB006C98E2 /* Headers */,
				239A1B452AD700EB006C98E2 /* Sources */,
				239A1B462AD700EB006C98E2 /* Frameworks */,
				239A1B472AD700EB006C98E2 /* Resources */,
			);
			buildRules = (
			);
			dependencies = (
			);
			name = EssentialFeed;
			productName = EssentialFeed;
			productReference = 239A1B492AD700EB006C98E2 /* EssentialFeed.framework */;
			productType = "com.apple.product-type.framework";
		};
		239A1B502AD700EB006C98E2 /* EssentialFeedTests */ = {
			isa = PBXNativeTarget;
			buildConfigurationList = 239A1B5E2AD700EB006C98E2 /* Build configuration list for PBXNativeTarget "EssentialFeedTests" */;
			buildPhases = (
				239A1B4D2AD700EB006C98E2 /* Sources */,
				239A1B4E2AD700EB006C98E2 /* Frameworks */,
				239A1B4F2AD700EB006C98E2 /* Resources */,
			);
			buildRules = (
			);
			dependencies = (
				239A1B542AD700EB006C98E2 /* PBXTargetDependency */,
			);
			name = EssentialFeedTests;
			productName = EssentialFeedTests;
			productReference = 239A1B512AD700EB006C98E2 /* EssentialFeedTests.xctest */;
			productType = "com.apple.product-type.bundle.unit-test";
		};
		23E11FA92B7BE94D00FF17E0 /* EssentialFeedCacheIntegrationTests */ = {
			isa = PBXNativeTarget;
			buildConfigurationList = 23E11FB12B7BE94E00FF17E0 /* Build configuration list for PBXNativeTarget "EssentialFeedCacheIntegrationTests" */;
			buildPhases = (
				23E11FA62B7BE94D00FF17E0 /* Sources */,
				23E11FA72B7BE94D00FF17E0 /* Frameworks */,
				23E11FA82B7BE94D00FF17E0 /* Resources */,
			);
			buildRules = (
			);
			dependencies = (
				23E11FB02B7BE94E00FF17E0 /* PBXTargetDependency */,
			);
			name = EssentialFeedCacheIntegrationTests;
			productName = EssentialFeedCacheIntegrationTests;
			productReference = 23E11FAA2B7BE94D00FF17E0 /* EssentialFeedCacheIntegrationTests.xctest */;
			productType = "com.apple.product-type.bundle.unit-test";
		};
/* End PBXNativeTarget section */

/* Begin PBXProject section */
		239A1B402AD700EB006C98E2 /* Project object */ = {
			isa = PBXProject;
			attributes = {
				BuildIndependentTargetsInParallel = 1;
				LastSwiftUpdateCheck = 1520;
				LastUpgradeCheck = 1500;
				TargetAttributes = {
					2323BBA12B8BC3090078DDF9 = {
						CreatedOnToolsVersion = 15.2;
						LastSwiftMigration = 1520;
					};
					2323BBA82B8BC3090078DDF9 = {
						CreatedOnToolsVersion = 15.2;
						LastSwiftMigration = 1520;
					};
					2336B61A2AE5871700B29183 = {
						CreatedOnToolsVersion = 15.0.1;
					};
					239A1B482AD700EB006C98E2 = {
						CreatedOnToolsVersion = 15.0;
						LastSwiftMigration = 1500;
					};
					239A1B502AD700EB006C98E2 = {
						CreatedOnToolsVersion = 15.0;
					};
					23E11FA92B7BE94D00FF17E0 = {
						CreatedOnToolsVersion = 15.2;
					};
				};
			};
			buildConfigurationList = 239A1B432AD700EB006C98E2 /* Build configuration list for PBXProject "EssentialFeed" */;
			compatibilityVersion = "Xcode 14.0";
			developmentRegion = en;
			hasScannedForEncodings = 0;
			knownRegions = (
				en,
				Base,
				it,
				"pt-BR",
			);
			mainGroup = 239A1B3F2AD700EB006C98E2;
			productRefGroup = 239A1B4A2AD700EB006C98E2 /* Products */;
			projectDirPath = "";
			projectRoot = "";
			targets = (
				239A1B482AD700EB006C98E2 /* EssentialFeed */,
				239A1B502AD700EB006C98E2 /* EssentialFeedTests */,
				2336B61A2AE5871700B29183 /* EssentialFeedAPIEndToEndTests */,
				23E11FA92B7BE94D00FF17E0 /* EssentialFeedCacheIntegrationTests */,
				2323BBA12B8BC3090078DDF9 /* EssentialFeediOS */,
				2323BBA82B8BC3090078DDF9 /* EssentialFeediOSTests */,
			);
		};
/* End PBXProject section */

/* Begin PBXResourcesBuildPhase section */
		2323BBA02B8BC3090078DDF9 /* Resources */ = {
			isa = PBXResourcesBuildPhase;
			buildActionMask = 2147483647;
			files = (
				23629AAB2BA9F2D20088A2A3 /* Feed.storyboard in Resources */,
				23629AAD2BA9F45E0088A2A3 /* Feed.xcassets in Resources */,
			);
			runOnlyForDeploymentPostprocessing = 0;
		};
		2323BBA72B8BC3090078DDF9 /* Resources */ = {
			isa = PBXResourcesBuildPhase;
			buildActionMask = 2147483647;
			files = (
			);
			runOnlyForDeploymentPostprocessing = 0;
		};
		2336B6192AE5871700B29183 /* Resources */ = {
			isa = PBXResourcesBuildPhase;
			buildActionMask = 2147483647;
			files = (
			);
			runOnlyForDeploymentPostprocessing = 0;
		};
		239A1B472AD700EB006C98E2 /* Resources */ = {
			isa = PBXResourcesBuildPhase;
			buildActionMask = 2147483647;
			files = (
				2349452B2BC6925700D9E028 /* Feed.strings in Resources */,
			);
			runOnlyForDeploymentPostprocessing = 0;
		};
		239A1B4F2AD700EB006C98E2 /* Resources */ = {
			isa = PBXResourcesBuildPhase;
			buildActionMask = 2147483647;
			files = (
			);
			runOnlyForDeploymentPostprocessing = 0;
		};
		23E11FA82B7BE94D00FF17E0 /* Resources */ = {
			isa = PBXResourcesBuildPhase;
			buildActionMask = 2147483647;
			files = (
			);
			runOnlyForDeploymentPostprocessing = 0;
		};
/* End PBXResourcesBuildPhase section */

/* Begin PBXSourcesBuildPhase section */
		2323BB9E2B8BC3090078DDF9 /* Sources */ = {
			isa = PBXSourcesBuildPhase;
			buildActionMask = 2147483647;
			files = (
				232FF78F2BB067F500551ED2 /* UITableView+CellDequeuing.swift in Sources */,
				23BDF0882BBB18F400A932CA /* ErrorView.swift in Sources */,
				234999AD2BBB311D0062CBC6 /* UIRefreshControl+Helpers.swift in Sources */,
				239B4A642BA0CC00003ADF42 /* FeedImageDataLoader.swift in Sources */,
				232FF7912BB06A7900551ED2 /* UIImageView+Animation.swift in Sources */,
				23D92FBE2B98EBF200DA1021 /* FeedViewController.swift in Sources */,
				239B4A6C2BA70BC4003ADF42 /* FeedUIComposer.swift in Sources */,
				231B5F092B9CDB06004DA623 /* FeedImageCell.swift in Sources */,
				232FF7A42BB08EA900551ED2 /* WeakRefVirtualProxy.swift in Sources */,
				232FF7A22BB08D5700551ED2 /* MainQueueDispatchDecorator.swift in Sources */,
				239B4A722BA75D39003ADF42 /* FeedImageViewModel.swift in Sources */,
				23B2483F2B9DD45B00AE1A42 /* UiView+Shimmering.swift in Sources */,
				232FF7AA2BB0902A00551ED2 /* FeedLoaderPresentationAdapter.swift in Sources */,
				232FF7A62BB08F4200551ED2 /* FeedImageDataLoaderPresentationAdapter.swift in Sources */,
				232FF7A82BB08FCD00551ED2 /* FeedViewAdapter.swift in Sources */,
				231405BA2BB04AC60072D94C /* FeedImagePresenter.swift in Sources */,
				239B4A6A2BA7041F003ADF42 /* FeedImageCellController.swift in Sources */,
			);
			runOnlyForDeploymentPostprocessing = 0;
		};
		2323BBA52B8BC3090078DDF9 /* Sources */ = {
			isa = PBXSourcesBuildPhase;
			buildActionMask = 2147483647;
			files = (
				2323BBBC2B8E6C240078DDF9 /* FeedUIIntegrationTests.swift in Sources */,
				23B248442B9E2A2C00AE1A42 /* UIRefreshControl+TestHelpers.swift in Sources */,
				23B2484F2B9E2F7200AE1A42 /* FakeRefreshControl.swift in Sources */,
				232FF7A02BB07CE000551ED2 /* FeedLocalizationTests.swift in Sources */,
				23A475682B94DD820051FDA8 /* XCTestCase+MemoryleakTracking.swift in Sources */,
				23B248512B9E30E300AE1A42 /* FeedImageViewControllerTests+LoaderSpy.swift in Sources */,
				23B248482B9E2B6900AE1A42 /* UIControl+TestHelpers.swift in Sources */,
				23B2484D2B9E2D5E00AE1A42 /* FeedViewController+TestHelpers.swift in Sources */,
				232FF79B2BB0786400551ED2 /* FeedViewControllerTests+Localization.swift in Sources */,
				23B248422B9E298E00AE1A42 /* UIImage+TestHelpers.swift in Sources */,
				23B248462B9E2AC300AE1A42 /* UIButton+testHelpers.swift in Sources */,
			);
			runOnlyForDeploymentPostprocessing = 0;
		};
		2336B6172AE5871700B29183 /* Sources */ = {
			isa = PBXSourcesBuildPhase;
			buildActionMask = 2147483647;
			files = (
				2336B61E2AE5871700B29183 /* EssentialFeedAPIEndToEndTests.swift in Sources */,
				2336B6252AE5932D00B29183 /* XCTestCase+MemoryleakTracking.swift in Sources */,
			);
			runOnlyForDeploymentPostprocessing = 0;
		};
		239A1B452AD700EB006C98E2 /* Sources */ = {
			isa = PBXSourcesBuildPhase;
			buildActionMask = 2147483647;
			files = (
				2349452F2BC6937B00D9E028 /* FeedViewModel.swift in Sources */,
				23E11FA12B7954CF00FF17E0 /* CoreDataHelpers.swift in Sources */,
				239A1B642AD706C0006C98E2 /* FeedLoader.swift in Sources */,
				23D1A35D2ADDB15800D9768E /* FeedItemMapper.swift in Sources */,
				23A6DA532B0152ED003E6238 /* RemoteFeedItem.swift in Sources */,
				235DAC0E2B0D319A000C3466 /* FeedCachePolicy.swift in Sources */,
				239A1B6B2AD81BB6006C98E2 /* RemoteFeedLoader.swift in Sources */,
				23E11F9D2B79356A00FF17E0 /* FeedStore.xcdatamodeld in Sources */,
				2349452D2BC692F700D9E028 /* FeedLoadingViewModel.swift in Sources */,
				23A6DA552B015361003E6238 /* LocalFeedImage.swift in Sources */,
				23A6DA512B01377C003E6238 /* FeedStore.swift in Sources */,
				23A6DA4F2B013662003E6238 /* LocalFeedLoader.swift in Sources */,
				23D1A35B2ADDB0B400D9768E /* HttpClient.swift in Sources */,
				239A1B622AD70153006C98E2 /* FeedImage.swift in Sources */,
				2349452A2BC690D200D9E028 /* FeedPresenter.swift in Sources */,
				239C3F0B2AE3FB6600347ED8 /* URLSessionHTTPClient.swift in Sources */,
				23E11FA32B79557C00FF17E0 /* ManagedCache.swift in Sources */,
				234945312BC693A800D9E028 /* FeedErrorViewModel.swift in Sources */,
				23C5F42F2B700998005B7D38 /* CoreDataFeedStore.swift in Sources */,
				23E11FA52B79568900FF17E0 /* ManagedFeedImage.swift in Sources */,
			);
			runOnlyForDeploymentPostprocessing = 0;
		};
		239A1B4D2AD700EB006C98E2 /* Sources */ = {
			isa = PBXSourcesBuildPhase;
			buildActionMask = 2147483647;
			files = (
				23D32B2B2B1E56FB004A2E3D /* XCTestCase+FailableInsertFeedStoreSpecs.swift in Sources */,
				239FE95F2B0A82A300A7F456 /* FeedCacheTestHelpers.swift in Sources */,
				23DFB1B12BC44F0D00ED7EE9 /* FeedPresenterTests.swift in Sources */,
				239A1B682AD70DF8006C98E2 /* RemoteFeedLoaderTests.swift in Sources */,
				23DE48552B1E5F3900DCD8FE /* XCTestCase+FailableRetrieveFeedStoreSpecs.swift in Sources */,
				236C634B2AE2DADF0087D076 /* XCTestCase+MemoryleakTracking.swift in Sources */,
				239FE95D2B0A277900A7F456 /* ValidateFeedFromCacheUseCasesTest.swift in Sources */,
				2393A1832B05468C001734C3 /* FeedStoreSpy.swift in Sources */,
				239FE9612B0A84A700A7F456 /* SharedTestHelpers.swift in Sources */,
				23649E592AF7FE7B00D107F1 /* CacheFeedUseCaseTests.swift in Sources */,
				2393A1802B0543CB001734C3 /* LoadFeedFromCacheUseCasesTest.swift in Sources */,
				23D1A3622ADFD3E000D9768E /* URLSessionHttpClientTests.swift in Sources */,
				23D32B272B1E47CF004A2E3D /* FeedStoreSpecs.swift in Sources */,
				23DE48572B1E5F8300DCD8FE /* XCTeastCase+FailableDeleteFeedStoreSpecs.swift in Sources */,
				23C5F42D2B700812005B7D38 /* CoreDataFeedStoreTests.swift in Sources */,
				23D32B292B1E4991004A2E3D /* XCTestCase+FeedStoreSpecs.swift in Sources */,
			);
			runOnlyForDeploymentPostprocessing = 0;
		};
		23E11FA62B7BE94D00FF17E0 /* Sources */ = {
			isa = PBXSourcesBuildPhase;
			buildActionMask = 2147483647;
			files = (
				23E11FB62B7BED8F00FF17E0 /* FeedCacheTestHelpers.swift in Sources */,
				23E11FAD2B7BE94E00FF17E0 /* EssentialFeedCacheIntegrationTests.swift in Sources */,
				23E11FB42B7BEA6D00FF17E0 /* XCTestCase+MemoryleakTracking.swift in Sources */,
				23E11FB52B7BED8800FF17E0 /* SharedTestHelpers.swift in Sources */,
			);
			runOnlyForDeploymentPostprocessing = 0;
		};
/* End PBXSourcesBuildPhase section */

/* Begin PBXTargetDependency section */
		2323BBAC2B8BC30A0078DDF9 /* PBXTargetDependency */ = {
			isa = PBXTargetDependency;
			target = 2323BBA12B8BC3090078DDF9 /* EssentialFeediOS */;
			targetProxy = 2323BBAB2B8BC30A0078DDF9 /* PBXContainerItemProxy */;
		};
		2336B6212AE5871700B29183 /* PBXTargetDependency */ = {
			isa = PBXTargetDependency;
			target = 239A1B482AD700EB006C98E2 /* EssentialFeed */;
			targetProxy = 2336B6202AE5871700B29183 /* PBXContainerItemProxy */;
		};
		239A1B542AD700EB006C98E2 /* PBXTargetDependency */ = {
			isa = PBXTargetDependency;
			target = 239A1B482AD700EB006C98E2 /* EssentialFeed */;
			targetProxy = 239A1B532AD700EB006C98E2 /* PBXContainerItemProxy */;
		};
		23A475662B94DAA90051FDA8 /* PBXTargetDependency */ = {
			isa = PBXTargetDependency;
			platformFilter = ios;
			target = 239A1B482AD700EB006C98E2 /* EssentialFeed */;
			targetProxy = 23A475652B94DAA90051FDA8 /* PBXContainerItemProxy */;
		};
		23E11FB02B7BE94E00FF17E0 /* PBXTargetDependency */ = {
			isa = PBXTargetDependency;
			target = 239A1B482AD700EB006C98E2 /* EssentialFeed */;
			targetProxy = 23E11FAF2B7BE94E00FF17E0 /* PBXContainerItemProxy */;
		};
/* End PBXTargetDependency section */

/* Begin PBXVariantGroup section */
		234945232BC68AD100D9E028 /* Feed.strings */ = {
			isa = PBXVariantGroup;
			children = (
				234945242BC68AD100D9E028 /* en */,
				234945262BC68AE300D9E028 /* it */,
				234945272BC68AE400D9E028 /* pt-BR */,
			);
			name = Feed.strings;
			sourceTree = "<group>";
		};
/* End PBXVariantGroup section */

/* Begin XCBuildConfiguration section */
		2323BBB22B8BC30A0078DDF9 /* Debug */ = {
			isa = XCBuildConfiguration;
			buildSettings = {
				CLANG_ENABLE_MODULES = YES;
				CODE_SIGN_STYLE = Automatic;
				CURRENT_PROJECT_VERSION = 1;
				DEFINES_MODULE = YES;
				DEVELOPMENT_TEAM = TR4PC56K8G;
				DYLIB_COMPATIBILITY_VERSION = 1;
				DYLIB_CURRENT_VERSION = 1;
				DYLIB_INSTALL_NAME_BASE = "@rpath";
				ENABLE_MODULE_VERIFIER = YES;
				GENERATE_INFOPLIST_FILE = YES;
				INFOPLIST_KEY_NSHumanReadableCopyright = "";
				INSTALL_PATH = "$(LOCAL_LIBRARY_DIR)/Frameworks";
				IPHONEOS_DEPLOYMENT_TARGET = 17.2;
				LD_RUNPATH_SEARCH_PATHS = (
					"$(inherited)",
					"@executable_path/Frameworks",
					"@loader_path/Frameworks",
				);
				MARKETING_VERSION = 1.0;
				MODULE_VERIFIER_SUPPORTED_LANGUAGES = "objective-c objective-c++";
				MODULE_VERIFIER_SUPPORTED_LANGUAGE_STANDARDS = "gnu17 gnu++20";
				PRODUCT_BUNDLE_IDENTIFIER = com.pigLardLord.EssentialFeediOS;
				PRODUCT_NAME = "$(TARGET_NAME:c99extidentifier)";
				SDKROOT = iphoneos;
				SKIP_INSTALL = YES;
				SWIFT_EMIT_LOC_STRINGS = YES;
				SWIFT_OPTIMIZATION_LEVEL = "-Onone";
				SWIFT_VERSION = 5.0;
				TARGETED_DEVICE_FAMILY = "1,2";
			};
			name = Debug;
		};
		2323BBB32B8BC30A0078DDF9 /* Release */ = {
			isa = XCBuildConfiguration;
			buildSettings = {
				CLANG_ENABLE_MODULES = YES;
				CODE_SIGN_STYLE = Automatic;
				CURRENT_PROJECT_VERSION = 1;
				DEFINES_MODULE = YES;
				DEVELOPMENT_TEAM = TR4PC56K8G;
				DYLIB_COMPATIBILITY_VERSION = 1;
				DYLIB_CURRENT_VERSION = 1;
				DYLIB_INSTALL_NAME_BASE = "@rpath";
				ENABLE_MODULE_VERIFIER = YES;
				GENERATE_INFOPLIST_FILE = YES;
				INFOPLIST_KEY_NSHumanReadableCopyright = "";
				INSTALL_PATH = "$(LOCAL_LIBRARY_DIR)/Frameworks";
				IPHONEOS_DEPLOYMENT_TARGET = 17.2;
				LD_RUNPATH_SEARCH_PATHS = (
					"$(inherited)",
					"@executable_path/Frameworks",
					"@loader_path/Frameworks",
				);
				MARKETING_VERSION = 1.0;
				MODULE_VERIFIER_SUPPORTED_LANGUAGES = "objective-c objective-c++";
				MODULE_VERIFIER_SUPPORTED_LANGUAGE_STANDARDS = "gnu17 gnu++20";
				PRODUCT_BUNDLE_IDENTIFIER = com.pigLardLord.EssentialFeediOS;
				PRODUCT_NAME = "$(TARGET_NAME:c99extidentifier)";
				SDKROOT = iphoneos;
				SKIP_INSTALL = YES;
				SWIFT_EMIT_LOC_STRINGS = YES;
				SWIFT_VERSION = 5.0;
				TARGETED_DEVICE_FAMILY = "1,2";
				VALIDATE_PRODUCT = YES;
			};
			name = Release;
		};
		2323BBB52B8BC30A0078DDF9 /* Debug */ = {
			isa = XCBuildConfiguration;
			buildSettings = {
				ALWAYS_EMBED_SWIFT_STANDARD_LIBRARIES = YES;
				CLANG_ENABLE_MODULES = YES;
				CODE_SIGN_STYLE = Automatic;
				CURRENT_PROJECT_VERSION = 1;
				DEVELOPMENT_TEAM = TR4PC56K8G;
				GENERATE_INFOPLIST_FILE = YES;
				IPHONEOS_DEPLOYMENT_TARGET = 17.2;
				MARKETING_VERSION = 1.0;
				PRODUCT_BUNDLE_IDENTIFIER = com.pigLardLord.EssentialFeediOSTests;
				PRODUCT_NAME = "$(TARGET_NAME)";
				SDKROOT = iphoneos;
				SWIFT_EMIT_LOC_STRINGS = NO;
				SWIFT_OPTIMIZATION_LEVEL = "-Onone";
				SWIFT_VERSION = 5.0;
				TARGETED_DEVICE_FAMILY = "1,2";
			};
			name = Debug;
		};
		2323BBB62B8BC30A0078DDF9 /* Release */ = {
			isa = XCBuildConfiguration;
			buildSettings = {
				ALWAYS_EMBED_SWIFT_STANDARD_LIBRARIES = YES;
				CLANG_ENABLE_MODULES = YES;
				CODE_SIGN_STYLE = Automatic;
				CURRENT_PROJECT_VERSION = 1;
				DEVELOPMENT_TEAM = TR4PC56K8G;
				GENERATE_INFOPLIST_FILE = YES;
				IPHONEOS_DEPLOYMENT_TARGET = 17.2;
				MARKETING_VERSION = 1.0;
				PRODUCT_BUNDLE_IDENTIFIER = com.pigLardLord.EssentialFeediOSTests;
				PRODUCT_NAME = "$(TARGET_NAME)";
				SDKROOT = iphoneos;
				SWIFT_EMIT_LOC_STRINGS = NO;
				SWIFT_VERSION = 5.0;
				TARGETED_DEVICE_FAMILY = "1,2";
				VALIDATE_PRODUCT = YES;
			};
			name = Release;
		};
		2336B6222AE5871700B29183 /* Debug */ = {
			isa = XCBuildConfiguration;
			buildSettings = {
				CODE_SIGN_STYLE = Automatic;
				CURRENT_PROJECT_VERSION = 1;
				DEVELOPMENT_TEAM = TR4PC56K8G;
				GENERATE_INFOPLIST_FILE = YES;
				IPHONEOS_DEPLOYMENT_TARGET = 17.0;
				MACOSX_DEPLOYMENT_TARGET = 13.5;
				MARKETING_VERSION = 1.0;
				PRODUCT_BUNDLE_IDENTIFIER = FSC.EssentialFeedAPIEndToEndTests;
				PRODUCT_NAME = "$(TARGET_NAME)";
				SDKROOT = auto;
				SUPPORTED_PLATFORMS = "iphoneos iphonesimulator macosx";
				SWIFT_EMIT_LOC_STRINGS = NO;
				SWIFT_VERSION = 5.0;
				TARGETED_DEVICE_FAMILY = "1,2";
			};
			name = Debug;
		};
		2336B6232AE5871700B29183 /* Release */ = {
			isa = XCBuildConfiguration;
			buildSettings = {
				CODE_SIGN_STYLE = Automatic;
				CURRENT_PROJECT_VERSION = 1;
				DEVELOPMENT_TEAM = TR4PC56K8G;
				GENERATE_INFOPLIST_FILE = YES;
				IPHONEOS_DEPLOYMENT_TARGET = 17.0;
				MACOSX_DEPLOYMENT_TARGET = 13.5;
				MARKETING_VERSION = 1.0;
				PRODUCT_BUNDLE_IDENTIFIER = FSC.EssentialFeedAPIEndToEndTests;
				PRODUCT_NAME = "$(TARGET_NAME)";
				SDKROOT = auto;
				SUPPORTED_PLATFORMS = "iphoneos iphonesimulator macosx";
				SWIFT_EMIT_LOC_STRINGS = NO;
				SWIFT_VERSION = 5.0;
				TARGETED_DEVICE_FAMILY = "1,2";
			};
			name = Release;
		};
		239A1B592AD700EB006C98E2 /* Debug */ = {
			isa = XCBuildConfiguration;
			buildSettings = {
				ALWAYS_SEARCH_USER_PATHS = NO;
				ASSETCATALOG_COMPILER_GENERATE_SWIFT_ASSET_SYMBOL_EXTENSIONS = YES;
				CLANG_ANALYZER_LOCALIZABILITY_NONLOCALIZED = YES;
				CLANG_ANALYZER_NONNULL = YES;
				CLANG_ANALYZER_NUMBER_OBJECT_CONVERSION = YES_AGGRESSIVE;
				CLANG_CXX_LANGUAGE_STANDARD = "gnu++20";
				CLANG_ENABLE_MODULES = YES;
				CLANG_ENABLE_OBJC_ARC = YES;
				CLANG_ENABLE_OBJC_WEAK = YES;
				CLANG_WARN_BLOCK_CAPTURE_AUTORELEASING = YES;
				CLANG_WARN_BOOL_CONVERSION = YES;
				CLANG_WARN_COMMA = YES;
				CLANG_WARN_CONSTANT_CONVERSION = YES;
				CLANG_WARN_DEPRECATED_OBJC_IMPLEMENTATIONS = YES;
				CLANG_WARN_DIRECT_OBJC_ISA_USAGE = YES_ERROR;
				CLANG_WARN_DOCUMENTATION_COMMENTS = YES;
				CLANG_WARN_EMPTY_BODY = YES;
				CLANG_WARN_ENUM_CONVERSION = YES;
				CLANG_WARN_INFINITE_RECURSION = YES;
				CLANG_WARN_INT_CONVERSION = YES;
				CLANG_WARN_NON_LITERAL_NULL_CONVERSION = YES;
				CLANG_WARN_OBJC_IMPLICIT_RETAIN_SELF = YES;
				CLANG_WARN_OBJC_LITERAL_CONVERSION = YES;
				CLANG_WARN_OBJC_ROOT_CLASS = YES_ERROR;
				CLANG_WARN_QUOTED_INCLUDE_IN_FRAMEWORK_HEADER = YES;
				CLANG_WARN_RANGE_LOOP_ANALYSIS = YES;
				CLANG_WARN_STRICT_PROTOTYPES = YES;
				CLANG_WARN_SUSPICIOUS_MOVE = YES;
				CLANG_WARN_UNGUARDED_AVAILABILITY = YES_AGGRESSIVE;
				CLANG_WARN_UNREACHABLE_CODE = YES;
				CLANG_WARN__DUPLICATE_METHOD_MATCH = YES;
				COPY_PHASE_STRIP = NO;
				CURRENT_PROJECT_VERSION = 1;
				DEBUG_INFORMATION_FORMAT = dwarf;
				ENABLE_STRICT_OBJC_MSGSEND = YES;
				ENABLE_TESTABILITY = YES;
				ENABLE_USER_SCRIPT_SANDBOXING = YES;
				GCC_C_LANGUAGE_STANDARD = gnu17;
				GCC_DYNAMIC_NO_PIC = NO;
				GCC_NO_COMMON_BLOCKS = YES;
				GCC_OPTIMIZATION_LEVEL = 0;
				GCC_PREPROCESSOR_DEFINITIONS = (
					"DEBUG=1",
					"$(inherited)",
				);
				GCC_WARN_64_TO_32_BIT_CONVERSION = YES;
				GCC_WARN_ABOUT_RETURN_TYPE = YES_ERROR;
				GCC_WARN_UNDECLARED_SELECTOR = YES;
				GCC_WARN_UNINITIALIZED_AUTOS = YES_AGGRESSIVE;
				GCC_WARN_UNUSED_FUNCTION = YES;
				GCC_WARN_UNUSED_VARIABLE = YES;
				LOCALIZATION_PREFERS_STRING_CATALOGS = YES;
				MTL_ENABLE_DEBUG_INFO = INCLUDE_SOURCE;
				MTL_FAST_MATH = YES;
				ONLY_ACTIVE_ARCH = YES;
				SWIFT_ACTIVE_COMPILATION_CONDITIONS = "DEBUG $(inherited)";
				SWIFT_OPTIMIZATION_LEVEL = "-Onone";
				VERSIONING_SYSTEM = "apple-generic";
				VERSION_INFO_PREFIX = "";
			};
			name = Debug;
		};
		239A1B5A2AD700EB006C98E2 /* Release */ = {
			isa = XCBuildConfiguration;
			buildSettings = {
				ALWAYS_SEARCH_USER_PATHS = NO;
				ASSETCATALOG_COMPILER_GENERATE_SWIFT_ASSET_SYMBOL_EXTENSIONS = YES;
				CLANG_ANALYZER_LOCALIZABILITY_NONLOCALIZED = YES;
				CLANG_ANALYZER_NONNULL = YES;
				CLANG_ANALYZER_NUMBER_OBJECT_CONVERSION = YES_AGGRESSIVE;
				CLANG_CXX_LANGUAGE_STANDARD = "gnu++20";
				CLANG_ENABLE_MODULES = YES;
				CLANG_ENABLE_OBJC_ARC = YES;
				CLANG_ENABLE_OBJC_WEAK = YES;
				CLANG_WARN_BLOCK_CAPTURE_AUTORELEASING = YES;
				CLANG_WARN_BOOL_CONVERSION = YES;
				CLANG_WARN_COMMA = YES;
				CLANG_WARN_CONSTANT_CONVERSION = YES;
				CLANG_WARN_DEPRECATED_OBJC_IMPLEMENTATIONS = YES;
				CLANG_WARN_DIRECT_OBJC_ISA_USAGE = YES_ERROR;
				CLANG_WARN_DOCUMENTATION_COMMENTS = YES;
				CLANG_WARN_EMPTY_BODY = YES;
				CLANG_WARN_ENUM_CONVERSION = YES;
				CLANG_WARN_INFINITE_RECURSION = YES;
				CLANG_WARN_INT_CONVERSION = YES;
				CLANG_WARN_NON_LITERAL_NULL_CONVERSION = YES;
				CLANG_WARN_OBJC_IMPLICIT_RETAIN_SELF = YES;
				CLANG_WARN_OBJC_LITERAL_CONVERSION = YES;
				CLANG_WARN_OBJC_ROOT_CLASS = YES_ERROR;
				CLANG_WARN_QUOTED_INCLUDE_IN_FRAMEWORK_HEADER = YES;
				CLANG_WARN_RANGE_LOOP_ANALYSIS = YES;
				CLANG_WARN_STRICT_PROTOTYPES = YES;
				CLANG_WARN_SUSPICIOUS_MOVE = YES;
				CLANG_WARN_UNGUARDED_AVAILABILITY = YES_AGGRESSIVE;
				CLANG_WARN_UNREACHABLE_CODE = YES;
				CLANG_WARN__DUPLICATE_METHOD_MATCH = YES;
				COPY_PHASE_STRIP = NO;
				CURRENT_PROJECT_VERSION = 1;
				DEBUG_INFORMATION_FORMAT = "dwarf-with-dsym";
				ENABLE_NS_ASSERTIONS = NO;
				ENABLE_STRICT_OBJC_MSGSEND = YES;
				ENABLE_USER_SCRIPT_SANDBOXING = YES;
				GCC_C_LANGUAGE_STANDARD = gnu17;
				GCC_NO_COMMON_BLOCKS = YES;
				GCC_WARN_64_TO_32_BIT_CONVERSION = YES;
				GCC_WARN_ABOUT_RETURN_TYPE = YES_ERROR;
				GCC_WARN_UNDECLARED_SELECTOR = YES;
				GCC_WARN_UNINITIALIZED_AUTOS = YES_AGGRESSIVE;
				GCC_WARN_UNUSED_FUNCTION = YES;
				GCC_WARN_UNUSED_VARIABLE = YES;
				LOCALIZATION_PREFERS_STRING_CATALOGS = YES;
				MTL_ENABLE_DEBUG_INFO = NO;
				MTL_FAST_MATH = YES;
				SWIFT_COMPILATION_MODE = wholemodule;
				VERSIONING_SYSTEM = "apple-generic";
				VERSION_INFO_PREFIX = "";
			};
			name = Release;
		};
		239A1B5C2AD700EB006C98E2 /* Debug */ = {
			isa = XCBuildConfiguration;
			buildSettings = {
				CLANG_ENABLE_MODULES = YES;
				CODE_SIGN_STYLE = Automatic;
				CURRENT_PROJECT_VERSION = 1;
				DEFINES_MODULE = YES;
				DEVELOPMENT_TEAM = TR4PC56K8G;
				DYLIB_COMPATIBILITY_VERSION = 1;
				DYLIB_CURRENT_VERSION = 1;
				DYLIB_INSTALL_NAME_BASE = "@rpath";
				ENABLE_MODULE_VERIFIER = YES;
				GENERATE_INFOPLIST_FILE = YES;
				INFOPLIST_KEY_NSHumanReadableCopyright = "";
				INSTALL_PATH = "$(LOCAL_LIBRARY_DIR)/Frameworks";
				IPHONEOS_DEPLOYMENT_TARGET = 17.0;
				LD_RUNPATH_SEARCH_PATHS = (
					"@executable_path/Frameworks",
					"@loader_path/Frameworks",
				);
				"LD_RUNPATH_SEARCH_PATHS[sdk=macosx*]" = (
					"@executable_path/../Frameworks",
					"@loader_path/Frameworks",
				);
				MACOSX_DEPLOYMENT_TARGET = 13.5;
				MARKETING_VERSION = 1.0;
				MODULE_VERIFIER_SUPPORTED_LANGUAGES = "objective-c objective-c++";
				MODULE_VERIFIER_SUPPORTED_LANGUAGE_STANDARDS = "gnu17 gnu++20";
				PRODUCT_BUNDLE_IDENTIFIER = FSC.EssentialFeed;
				PRODUCT_NAME = "$(TARGET_NAME:c99extidentifier)";
				SDKROOT = auto;
				SKIP_INSTALL = YES;
				SUPPORTED_PLATFORMS = "iphoneos iphonesimulator macosx";
				SWIFT_EMIT_LOC_STRINGS = YES;
				SWIFT_OPTIMIZATION_LEVEL = "-Onone";
				SWIFT_VERSION = 5.0;
				TARGETED_DEVICE_FAMILY = "1,2";
			};
			name = Debug;
		};
		239A1B5D2AD700EB006C98E2 /* Release */ = {
			isa = XCBuildConfiguration;
			buildSettings = {
				CLANG_ENABLE_MODULES = YES;
				CODE_SIGN_STYLE = Automatic;
				CURRENT_PROJECT_VERSION = 1;
				DEFINES_MODULE = YES;
				DEVELOPMENT_TEAM = TR4PC56K8G;
				DYLIB_COMPATIBILITY_VERSION = 1;
				DYLIB_CURRENT_VERSION = 1;
				DYLIB_INSTALL_NAME_BASE = "@rpath";
				ENABLE_MODULE_VERIFIER = YES;
				GENERATE_INFOPLIST_FILE = YES;
				INFOPLIST_KEY_NSHumanReadableCopyright = "";
				INSTALL_PATH = "$(LOCAL_LIBRARY_DIR)/Frameworks";
				IPHONEOS_DEPLOYMENT_TARGET = 17.0;
				LD_RUNPATH_SEARCH_PATHS = (
					"@executable_path/Frameworks",
					"@loader_path/Frameworks",
				);
				"LD_RUNPATH_SEARCH_PATHS[sdk=macosx*]" = (
					"@executable_path/../Frameworks",
					"@loader_path/Frameworks",
				);
				MACOSX_DEPLOYMENT_TARGET = 13.5;
				MARKETING_VERSION = 1.0;
				MODULE_VERIFIER_SUPPORTED_LANGUAGES = "objective-c objective-c++";
				MODULE_VERIFIER_SUPPORTED_LANGUAGE_STANDARDS = "gnu17 gnu++20";
				PRODUCT_BUNDLE_IDENTIFIER = FSC.EssentialFeed;
				PRODUCT_NAME = "$(TARGET_NAME:c99extidentifier)";
				SDKROOT = auto;
				SKIP_INSTALL = YES;
				SUPPORTED_PLATFORMS = "iphoneos iphonesimulator macosx";
				SWIFT_EMIT_LOC_STRINGS = YES;
				SWIFT_VERSION = 5.0;
				TARGETED_DEVICE_FAMILY = "1,2";
			};
			name = Release;
		};
		239A1B5F2AD700EB006C98E2 /* Debug */ = {
			isa = XCBuildConfiguration;
			buildSettings = {
				ALWAYS_EMBED_SWIFT_STANDARD_LIBRARIES = YES;
				CODE_SIGN_STYLE = Automatic;
				CURRENT_PROJECT_VERSION = 1;
				DEVELOPMENT_TEAM = TR4PC56K8G;
				GENERATE_INFOPLIST_FILE = YES;
				IPHONEOS_DEPLOYMENT_TARGET = 17.0;
				MACOSX_DEPLOYMENT_TARGET = 13.5;
				MARKETING_VERSION = 1.0;
				PRODUCT_BUNDLE_IDENTIFIER = FSC.EssentialFeedTests;
				PRODUCT_NAME = "$(TARGET_NAME)";
				SDKROOT = auto;
				SUPPORTED_PLATFORMS = "iphoneos iphonesimulator macosx";
				SWIFT_EMIT_LOC_STRINGS = NO;
				SWIFT_VERSION = 5.0;
				TARGETED_DEVICE_FAMILY = "1,2";
			};
			name = Debug;
		};
		239A1B602AD700EB006C98E2 /* Release */ = {
			isa = XCBuildConfiguration;
			buildSettings = {
				ALWAYS_EMBED_SWIFT_STANDARD_LIBRARIES = YES;
				CODE_SIGN_STYLE = Automatic;
				CURRENT_PROJECT_VERSION = 1;
				DEVELOPMENT_TEAM = TR4PC56K8G;
				GENERATE_INFOPLIST_FILE = YES;
				IPHONEOS_DEPLOYMENT_TARGET = 17.0;
				MACOSX_DEPLOYMENT_TARGET = 13.5;
				MARKETING_VERSION = 1.0;
				PRODUCT_BUNDLE_IDENTIFIER = FSC.EssentialFeedTests;
				PRODUCT_NAME = "$(TARGET_NAME)";
				SDKROOT = auto;
				SUPPORTED_PLATFORMS = "iphoneos iphonesimulator macosx";
				SWIFT_EMIT_LOC_STRINGS = NO;
				SWIFT_VERSION = 5.0;
				TARGETED_DEVICE_FAMILY = "1,2";
			};
			name = Release;
		};
		23E11FB22B7BE94E00FF17E0 /* Debug */ = {
			isa = XCBuildConfiguration;
			buildSettings = {
				CODE_SIGN_STYLE = Automatic;
				CURRENT_PROJECT_VERSION = 1;
				DEVELOPMENT_TEAM = TR4PC56K8G;
				GENERATE_INFOPLIST_FILE = YES;
				IPHONEOS_DEPLOYMENT_TARGET = 17.2;
				MACOSX_DEPLOYMENT_TARGET = 14.2;
				MARKETING_VERSION = 1.0;
				PRODUCT_BUNDLE_IDENTIFIER = FSC.EssentialFeedCacheIntegrationTests;
				PRODUCT_NAME = "$(TARGET_NAME)";
				SDKROOT = auto;
				SUPPORTED_PLATFORMS = "iphoneos iphonesimulator macosx";
				SWIFT_EMIT_LOC_STRINGS = NO;
				SWIFT_VERSION = 5.0;
				TARGETED_DEVICE_FAMILY = "1,2";
			};
			name = Debug;
		};
		23E11FB32B7BE94E00FF17E0 /* Release */ = {
			isa = XCBuildConfiguration;
			buildSettings = {
				CODE_SIGN_STYLE = Automatic;
				CURRENT_PROJECT_VERSION = 1;
				DEVELOPMENT_TEAM = TR4PC56K8G;
				GENERATE_INFOPLIST_FILE = YES;
				IPHONEOS_DEPLOYMENT_TARGET = 17.2;
				MACOSX_DEPLOYMENT_TARGET = 14.2;
				MARKETING_VERSION = 1.0;
				PRODUCT_BUNDLE_IDENTIFIER = FSC.EssentialFeedCacheIntegrationTests;
				PRODUCT_NAME = "$(TARGET_NAME)";
				SDKROOT = auto;
				SUPPORTED_PLATFORMS = "iphoneos iphonesimulator macosx";
				SWIFT_EMIT_LOC_STRINGS = NO;
				SWIFT_VERSION = 5.0;
				TARGETED_DEVICE_FAMILY = "1,2";
			};
			name = Release;
		};
/* End XCBuildConfiguration section */

/* Begin XCConfigurationList section */
		2323BBB12B8BC30A0078DDF9 /* Build configuration list for PBXNativeTarget "EssentialFeediOS" */ = {
			isa = XCConfigurationList;
			buildConfigurations = (
				2323BBB22B8BC30A0078DDF9 /* Debug */,
				2323BBB32B8BC30A0078DDF9 /* Release */,
			);
			defaultConfigurationIsVisible = 0;
			defaultConfigurationName = Release;
		};
		2323BBB42B8BC30A0078DDF9 /* Build configuration list for PBXNativeTarget "EssentialFeediOSTests" */ = {
			isa = XCConfigurationList;
			buildConfigurations = (
				2323BBB52B8BC30A0078DDF9 /* Debug */,
				2323BBB62B8BC30A0078DDF9 /* Release */,
			);
			defaultConfigurationIsVisible = 0;
			defaultConfigurationName = Release;
		};
		2336B6242AE5871700B29183 /* Build configuration list for PBXNativeTarget "EssentialFeedAPIEndToEndTests" */ = {
			isa = XCConfigurationList;
			buildConfigurations = (
				2336B6222AE5871700B29183 /* Debug */,
				2336B6232AE5871700B29183 /* Release */,
			);
			defaultConfigurationIsVisible = 0;
			defaultConfigurationName = Release;
		};
		239A1B432AD700EB006C98E2 /* Build configuration list for PBXProject "EssentialFeed" */ = {
			isa = XCConfigurationList;
			buildConfigurations = (
				239A1B592AD700EB006C98E2 /* Debug */,
				239A1B5A2AD700EB006C98E2 /* Release */,
			);
			defaultConfigurationIsVisible = 0;
			defaultConfigurationName = Release;
		};
		239A1B5B2AD700EB006C98E2 /* Build configuration list for PBXNativeTarget "EssentialFeed" */ = {
			isa = XCConfigurationList;
			buildConfigurations = (
				239A1B5C2AD700EB006C98E2 /* Debug */,
				239A1B5D2AD700EB006C98E2 /* Release */,
			);
			defaultConfigurationIsVisible = 0;
			defaultConfigurationName = Release;
		};
		239A1B5E2AD700EB006C98E2 /* Build configuration list for PBXNativeTarget "EssentialFeedTests" */ = {
			isa = XCConfigurationList;
			buildConfigurations = (
				239A1B5F2AD700EB006C98E2 /* Debug */,
				239A1B602AD700EB006C98E2 /* Release */,
			);
			defaultConfigurationIsVisible = 0;
			defaultConfigurationName = Release;
		};
		23E11FB12B7BE94E00FF17E0 /* Build configuration list for PBXNativeTarget "EssentialFeedCacheIntegrationTests" */ = {
			isa = XCConfigurationList;
			buildConfigurations = (
				23E11FB22B7BE94E00FF17E0 /* Debug */,
				23E11FB32B7BE94E00FF17E0 /* Release */,
			);
			defaultConfigurationIsVisible = 0;
			defaultConfigurationName = Release;
		};
/* End XCConfigurationList section */

/* Begin XCVersionGroup section */
		23E11F9B2B79356A00FF17E0 /* FeedStore.xcdatamodeld */ = {
			isa = XCVersionGroup;
			children = (
				23E11F9C2B79356A00FF17E0 /* FeedStore.xcdatamodel */,
			);
			currentVersion = 23E11F9C2B79356A00FF17E0 /* FeedStore.xcdatamodel */;
			path = FeedStore.xcdatamodeld;
			sourceTree = "<group>";
			versionGroupType = wrapper.xcdatamodel;
		};
/* End XCVersionGroup section */
	};
	rootObject = 239A1B402AD700EB006C98E2 /* Project object */;
}
