// !$*UTF8*$!
{
	archiveVersion = 1;
	classes = {
	};
	objectVersion = 56;
	objects = {

/* Begin PBXBuildFile section */
		23AD61332BE8EDB60037AECE /* AppDelegate.swift in Sources */ = {isa = PBXBuildFile; fileRef = 23AD61322BE8EDB60037AECE /* AppDelegate.swift */; };
		23AD61352BE8EDB60037AECE /* SceneDelegate.swift in Sources */ = {isa = PBXBuildFile; fileRef = 23AD61342BE8EDB60037AECE /* SceneDelegate.swift */; };
		23AD613A2BE8EDB60037AECE /* Base in Resources */ = {isa = PBXBuildFile; fileRef = 23AD61392BE8EDB60037AECE /* Base */; };
		23AD613C2BE8EDB80037AECE /* Assets.xcassets in Resources */ = {isa = PBXBuildFile; fileRef = 23AD613B2BE8EDB80037AECE /* Assets.xcassets */; };
		23AD613F2BE8EDB80037AECE /* Base in Resources */ = {isa = PBXBuildFile; fileRef = 23AD613E2BE8EDB80037AECE /* Base */; };
		23AD614A2BE8EDB90037AECE /* FeedLoaderWithFallbackCompositeTests.swift in Sources */ = {isa = PBXBuildFile; fileRef = 23AD61492BE8EDB90037AECE /* FeedLoaderWithFallbackCompositeTests.swift */; };
		23AD61652BE8F29F0037AECE /* EssentialFeed.framework in Frameworks */ = {isa = PBXBuildFile; fileRef = 23AD61632BE8F29F0037AECE /* EssentialFeed.framework */; };
		23AD61662BE8F29F0037AECE /* EssentialFeed.framework in Embed Frameworks */ = {isa = PBXBuildFile; fileRef = 23AD61632BE8F29F0037AECE /* EssentialFeed.framework */; settings = {ATTRIBUTES = (CodeSignOnCopy, RemoveHeadersOnCopy, ); }; };
		23AD61672BE8F29F0037AECE /* EssentialFeediOS.framework in Frameworks */ = {isa = PBXBuildFile; fileRef = 23AD61642BE8F29F0037AECE /* EssentialFeediOS.framework */; };
		23AD61682BE8F29F0037AECE /* EssentialFeediOS.framework in Embed Frameworks */ = {isa = PBXBuildFile; fileRef = 23AD61642BE8F29F0037AECE /* EssentialFeediOS.framework */; settings = {ATTRIBUTES = (CodeSignOnCopy, RemoveHeadersOnCopy, ); }; };
		23AD616D2BE93AF10037AECE /* FeedLoaderWithFallbackComposite.swift in Sources */ = {isa = PBXBuildFile; fileRef = 23AD616C2BE93AF10037AECE /* FeedLoaderWithFallbackComposite.swift */; };
		23AD616F2BE93CFB0037AECE /* FeedImageDataLoaderWithFallbackCompositeTests.swift in Sources */ = {isa = PBXBuildFile; fileRef = 23AD616E2BE93CFB0037AECE /* FeedImageDataLoaderWithFallbackCompositeTests.swift */; };
		23AD61712BE94A170037AECE /* FeedImageDataLoaderWithFallbackComposite.swift in Sources */ = {isa = PBXBuildFile; fileRef = 23AD61702BE94A170037AECE /* FeedImageDataLoaderWithFallbackComposite.swift */; };
		23AD61742BE94AFB0037AECE /* XCTestCase+MemoryLeakTracking.swift in Sources */ = {isa = PBXBuildFile; fileRef = 23AD61732BE94AFB0037AECE /* XCTestCase+MemoryLeakTracking.swift */; };
		23AD61762BE94CF40037AECE /* SharedHelpers.swift in Sources */ = {isa = PBXBuildFile; fileRef = 23AD61752BE94CF40037AECE /* SharedHelpers.swift */; };
/* End PBXBuildFile section */

/* Begin PBXContainerItemProxy section */
		23AD61462BE8EDB90037AECE /* PBXContainerItemProxy */ = {
			isa = PBXContainerItemProxy;
			containerPortal = 23AD61272BE8EDB60037AECE /* Project object */;
			proxyType = 1;
			remoteGlobalIDString = 23AD612E2BE8EDB60037AECE;
			remoteInfo = EssentialApp;
		};
		23AD61502BE8EDB90037AECE /* PBXContainerItemProxy */ = {
			isa = PBXContainerItemProxy;
			containerPortal = 23AD61272BE8EDB60037AECE /* Project object */;
			proxyType = 1;
			remoteGlobalIDString = 23AD612E2BE8EDB60037AECE;
			remoteInfo = EssentialApp;
		};
/* End PBXContainerItemProxy section */

/* Begin PBXCopyFilesBuildPhase section */
		23AD61692BE8F29F0037AECE /* Embed Frameworks */ = {
			isa = PBXCopyFilesBuildPhase;
			buildActionMask = 2147483647;
			dstPath = "";
			dstSubfolderSpec = 10;
			files = (
				23AD61662BE8F29F0037AECE /* EssentialFeed.framework in Embed Frameworks */,
				23AD61682BE8F29F0037AECE /* EssentialFeediOS.framework in Embed Frameworks */,
			);
			name = "Embed Frameworks";
			runOnlyForDeploymentPostprocessing = 0;
		};
/* End PBXCopyFilesBuildPhase section */

/* Begin PBXFileReference section */
		23AD612F2BE8EDB60037AECE /* EssentialApp.app */ = {isa = PBXFileReference; explicitFileType = wrapper.application; includeInIndex = 0; path = EssentialApp.app; sourceTree = BUILT_PRODUCTS_DIR; };
		23AD61322BE8EDB60037AECE /* AppDelegate.swift */ = {isa = PBXFileReference; lastKnownFileType = sourcecode.swift; path = AppDelegate.swift; sourceTree = "<group>"; };
		23AD61342BE8EDB60037AECE /* SceneDelegate.swift */ = {isa = PBXFileReference; lastKnownFileType = sourcecode.swift; path = SceneDelegate.swift; sourceTree = "<group>"; };
		23AD61392BE8EDB60037AECE /* Base */ = {isa = PBXFileReference; lastKnownFileType = file.storyboard; name = Base; path = Base.lproj/Main.storyboard; sourceTree = "<group>"; };
		23AD613B2BE8EDB80037AECE /* Assets.xcassets */ = {isa = PBXFileReference; lastKnownFileType = folder.assetcatalog; path = Assets.xcassets; sourceTree = "<group>"; };
		23AD613E2BE8EDB80037AECE /* Base */ = {isa = PBXFileReference; lastKnownFileType = file.storyboard; name = Base; path = Base.lproj/LaunchScreen.storyboard; sourceTree = "<group>"; };
		23AD61402BE8EDB80037AECE /* Info.plist */ = {isa = PBXFileReference; lastKnownFileType = text.plist.xml; path = Info.plist; sourceTree = "<group>"; };
		23AD61452BE8EDB90037AECE /* EssentialAppTests.xctest */ = {isa = PBXFileReference; explicitFileType = wrapper.cfbundle; includeInIndex = 0; path = EssentialAppTests.xctest; sourceTree = BUILT_PRODUCTS_DIR; };
		23AD61492BE8EDB90037AECE /* FeedLoaderWithFallbackCompositeTests.swift */ = {isa = PBXFileReference; lastKnownFileType = sourcecode.swift; path = FeedLoaderWithFallbackCompositeTests.swift; sourceTree = "<group>"; };
		23AD614F2BE8EDB90037AECE /* EssentialAppUITests.xctest */ = {isa = PBXFileReference; explicitFileType = wrapper.cfbundle; includeInIndex = 0; path = EssentialAppUITests.xctest; sourceTree = BUILT_PRODUCTS_DIR; };
		23AD61632BE8F29F0037AECE /* EssentialFeed.framework */ = {isa = PBXFileReference; explicitFileType = wrapper.framework; path = EssentialFeed.framework; sourceTree = BUILT_PRODUCTS_DIR; };
		23AD61642BE8F29F0037AECE /* EssentialFeediOS.framework */ = {isa = PBXFileReference; explicitFileType = wrapper.framework; path = EssentialFeediOS.framework; sourceTree = BUILT_PRODUCTS_DIR; };
		23AD616B2BE92A0B0037AECE /* EssentialApp.xctestplan */ = {isa = PBXFileReference; lastKnownFileType = text; path = EssentialApp.xctestplan; sourceTree = "<group>"; };
		23AD616C2BE93AF10037AECE /* FeedLoaderWithFallbackComposite.swift */ = {isa = PBXFileReference; lastKnownFileType = sourcecode.swift; path = FeedLoaderWithFallbackComposite.swift; sourceTree = "<group>"; };
		23AD616E2BE93CFB0037AECE /* FeedImageDataLoaderWithFallbackCompositeTests.swift */ = {isa = PBXFileReference; lastKnownFileType = sourcecode.swift; path = FeedImageDataLoaderWithFallbackCompositeTests.swift; sourceTree = "<group>"; };
		23AD61702BE94A170037AECE /* FeedImageDataLoaderWithFallbackComposite.swift */ = {isa = PBXFileReference; lastKnownFileType = sourcecode.swift; path = FeedImageDataLoaderWithFallbackComposite.swift; sourceTree = "<group>"; };
		23AD61732BE94AFB0037AECE /* XCTestCase+MemoryLeakTracking.swift */ = {isa = PBXFileReference; lastKnownFileType = sourcecode.swift; path = "XCTestCase+MemoryLeakTracking.swift"; sourceTree = "<group>"; };
		23AD61752BE94CF40037AECE /* SharedHelpers.swift */ = {isa = PBXFileReference; lastKnownFileType = sourcecode.swift; path = SharedHelpers.swift; sourceTree = "<group>"; };
/* End PBXFileReference section */

/* Begin PBXFrameworksBuildPhase section */
		23AD612C2BE8EDB60037AECE /* Frameworks */ = {
			isa = PBXFrameworksBuildPhase;
			buildActionMask = 2147483647;
			files = (
				23AD61652BE8F29F0037AECE /* EssentialFeed.framework in Frameworks */,
				23AD61672BE8F29F0037AECE /* EssentialFeediOS.framework in Frameworks */,
			);
			runOnlyForDeploymentPostprocessing = 0;
		};
		23AD61422BE8EDB90037AECE /* Frameworks */ = {
			isa = PBXFrameworksBuildPhase;
			buildActionMask = 2147483647;
			files = (
			);
			runOnlyForDeploymentPostprocessing = 0;
		};
		23AD614C2BE8EDB90037AECE /* Frameworks */ = {
			isa = PBXFrameworksBuildPhase;
			buildActionMask = 2147483647;
			files = (
			);
			runOnlyForDeploymentPostprocessing = 0;
		};
/* End PBXFrameworksBuildPhase section */

/* Begin PBXGroup section */
		23AD61262BE8EDB60037AECE = {
			isa = PBXGroup;
			children = (
				23AD61312BE8EDB60037AECE /* EssentialApp */,
				23AD61482BE8EDB90037AECE /* EssentialAppTests */,
				23AD61302BE8EDB60037AECE /* Products */,
				23AD61622BE8F29F0037AECE /* Frameworks */,
			);
			sourceTree = "<group>";
		};
		23AD61302BE8EDB60037AECE /* Products */ = {
			isa = PBXGroup;
			children = (
				23AD612F2BE8EDB60037AECE /* EssentialApp.app */,
				23AD61452BE8EDB90037AECE /* EssentialAppTests.xctest */,
				23AD614F2BE8EDB90037AECE /* EssentialAppUITests.xctest */,
			);
			name = Products;
			sourceTree = "<group>";
		};
		23AD61312BE8EDB60037AECE /* EssentialApp */ = {
			isa = PBXGroup;
			children = (
				23AD61322BE8EDB60037AECE /* AppDelegate.swift */,
				23AD61342BE8EDB60037AECE /* SceneDelegate.swift */,
				23AD616C2BE93AF10037AECE /* FeedLoaderWithFallbackComposite.swift */,
				23AD61702BE94A170037AECE /* FeedImageDataLoaderWithFallbackComposite.swift */,
				23AD61382BE8EDB60037AECE /* Main.storyboard */,
				23AD613B2BE8EDB80037AECE /* Assets.xcassets */,
				23AD613D2BE8EDB80037AECE /* LaunchScreen.storyboard */,
				23AD61402BE8EDB80037AECE /* Info.plist */,
			);
			path = EssentialApp;
			sourceTree = "<group>";
		};
		23AD61482BE8EDB90037AECE /* EssentialAppTests */ = {
			isa = PBXGroup;
			children = (
				23AD61722BE94AC00037AECE /* Helpers */,
				23AD616B2BE92A0B0037AECE /* EssentialApp.xctestplan */,
				23AD61492BE8EDB90037AECE /* FeedLoaderWithFallbackCompositeTests.swift */,
				23AD616E2BE93CFB0037AECE /* FeedImageDataLoaderWithFallbackCompositeTests.swift */,
			);
			path = EssentialAppTests;
			sourceTree = "<group>";
		};
		23AD61622BE8F29F0037AECE /* Frameworks */ = {
			isa = PBXGroup;
			children = (
				23AD61632BE8F29F0037AECE /* EssentialFeed.framework */,
				23AD61642BE8F29F0037AECE /* EssentialFeediOS.framework */,
			);
			name = Frameworks;
			sourceTree = "<group>";
		};
		23AD61722BE94AC00037AECE /* Helpers */ = {
			isa = PBXGroup;
			children = (
				23AD61732BE94AFB0037AECE /* XCTestCase+MemoryLeakTracking.swift */,
				23AD61752BE94CF40037AECE /* SharedHelpers.swift */,
			);
			path = Helpers;
			sourceTree = "<group>";
		};
/* End PBXGroup section */

/* Begin PBXNativeTarget section */
		23AD612E2BE8EDB60037AECE /* EssentialApp */ = {
			isa = PBXNativeTarget;
			buildConfigurationList = 23AD61592BE8EDB90037AECE /* Build configuration list for PBXNativeTarget "EssentialApp" */;
			buildPhases = (
				23AD612B2BE8EDB60037AECE /* Sources */,
				23AD612C2BE8EDB60037AECE /* Frameworks */,
				23AD612D2BE8EDB60037AECE /* Resources */,
				23AD61692BE8F29F0037AECE /* Embed Frameworks */,
			);
			buildRules = (
			);
			dependencies = (
			);
			name = EssentialApp;
			productName = EssentialApp;
			productReference = 23AD612F2BE8EDB60037AECE /* EssentialApp.app */;
			productType = "com.apple.product-type.application";
		};
		23AD61442BE8EDB90037AECE /* EssentialAppTests */ = {
			isa = PBXNativeTarget;
			buildConfigurationList = 23AD615C2BE8EDB90037AECE /* Build configuration list for PBXNativeTarget "EssentialAppTests" */;
			buildPhases = (
				23AD61412BE8EDB90037AECE /* Sources */,
				23AD61422BE8EDB90037AECE /* Frameworks */,
				23AD61432BE8EDB90037AECE /* Resources */,
			);
			buildRules = (
			);
			dependencies = (
				23AD61472BE8EDB90037AECE /* PBXTargetDependency */,
			);
			name = EssentialAppTests;
			productName = EssentialAppTests;
			productReference = 23AD61452BE8EDB90037AECE /* EssentialAppTests.xctest */;
			productType = "com.apple.product-type.bundle.unit-test";
		};
		23AD614E2BE8EDB90037AECE /* EssentialAppUITests */ = {
			isa = PBXNativeTarget;
			buildConfigurationList = 23AD615F2BE8EDB90037AECE /* Build configuration list for PBXNativeTarget "EssentialAppUITests" */;
			buildPhases = (
				23AD614B2BE8EDB90037AECE /* Sources */,
				23AD614C2BE8EDB90037AECE /* Frameworks */,
				23AD614D2BE8EDB90037AECE /* Resources */,
			);
			buildRules = (
			);
			dependencies = (
				23AD61512BE8EDB90037AECE /* PBXTargetDependency */,
			);
			name = EssentialAppUITests;
			productName = EssentialAppUITests;
			productReference = 23AD614F2BE8EDB90037AECE /* EssentialAppUITests.xctest */;
			productType = "com.apple.product-type.bundle.ui-testing";
		};
/* End PBXNativeTarget section */

/* Begin PBXProject section */
		23AD61272BE8EDB60037AECE /* Project object */ = {
			isa = PBXProject;
			attributes = {
				BuildIndependentTargetsInParallel = 1;
				LastSwiftUpdateCheck = 1530;
				LastUpgradeCheck = 1530;
				TargetAttributes = {
					23AD612E2BE8EDB60037AECE = {
						CreatedOnToolsVersion = 15.3;
					};
					23AD61442BE8EDB90037AECE = {
						CreatedOnToolsVersion = 15.3;
						TestTargetID = 23AD612E2BE8EDB60037AECE;
					};
					23AD614E2BE8EDB90037AECE = {
						CreatedOnToolsVersion = 15.3;
						TestTargetID = 23AD612E2BE8EDB60037AECE;
					};
				};
			};
			buildConfigurationList = 23AD612A2BE8EDB60037AECE /* Build configuration list for PBXProject "EssentialApp" */;
			compatibilityVersion = "Xcode 14.0";
			developmentRegion = en;
			hasScannedForEncodings = 0;
			knownRegions = (
				en,
				Base,
			);
			mainGroup = 23AD61262BE8EDB60037AECE;
			productRefGroup = 23AD61302BE8EDB60037AECE /* Products */;
			projectDirPath = "";
			projectRoot = "";
			targets = (
				23AD612E2BE8EDB60037AECE /* EssentialApp */,
				23AD61442BE8EDB90037AECE /* EssentialAppTests */,
				23AD614E2BE8EDB90037AECE /* EssentialAppUITests */,
			);
		};
/* End PBXProject section */

/* Begin PBXResourcesBuildPhase section */
		23AD612D2BE8EDB60037AECE /* Resources */ = {
			isa = PBXResourcesBuildPhase;
			buildActionMask = 2147483647;
			files = (
				23AD613C2BE8EDB80037AECE /* Assets.xcassets in Resources */,
				23AD613F2BE8EDB80037AECE /* Base in Resources */,
				23AD613A2BE8EDB60037AECE /* Base in Resources */,
			);
			runOnlyForDeploymentPostprocessing = 0;
		};
		23AD61432BE8EDB90037AECE /* Resources */ = {
			isa = PBXResourcesBuildPhase;
			buildActionMask = 2147483647;
			files = (
			);
			runOnlyForDeploymentPostprocessing = 0;
		};
		23AD614D2BE8EDB90037AECE /* Resources */ = {
			isa = PBXResourcesBuildPhase;
			buildActionMask = 2147483647;
			files = (
			);
			runOnlyForDeploymentPostprocessing = 0;
		};
/* End PBXResourcesBuildPhase section */

/* Begin PBXSourcesBuildPhase section */
		23AD612B2BE8EDB60037AECE /* Sources */ = {
			isa = PBXSourcesBuildPhase;
			buildActionMask = 2147483647;
			files = (
				23AD61712BE94A170037AECE /* FeedImageDataLoaderWithFallbackComposite.swift in Sources */,
				23AD61332BE8EDB60037AECE /* AppDelegate.swift in Sources */,
				23AD616D2BE93AF10037AECE /* FeedLoaderWithFallbackComposite.swift in Sources */,
				23AD61352BE8EDB60037AECE /* SceneDelegate.swift in Sources */,
			);
			runOnlyForDeploymentPostprocessing = 0;
		};
		23AD61412BE8EDB90037AECE /* Sources */ = {
			isa = PBXSourcesBuildPhase;
			buildActionMask = 2147483647;
			files = (
				23AD61762BE94CF40037AECE /* SharedHelpers.swift in Sources */,
				23AD616F2BE93CFB0037AECE /* FeedImageDataLoaderWithFallbackCompositeTests.swift in Sources */,
				23AD614A2BE8EDB90037AECE /* FeedLoaderWithFallbackCompositeTests.swift in Sources */,
				23AD61742BE94AFB0037AECE /* XCTestCase+MemoryLeakTracking.swift in Sources */,
			);
			runOnlyForDeploymentPostprocessing = 0;
		};
		23AD614B2BE8EDB90037AECE /* Sources */ = {
			isa = PBXSourcesBuildPhase;
			buildActionMask = 2147483647;
			files = (
			);
			runOnlyForDeploymentPostprocessing = 0;
		};
/* End PBXSourcesBuildPhase section */

/* Begin PBXTargetDependency section */
		23AD61472BE8EDB90037AECE /* PBXTargetDependency */ = {
			isa = PBXTargetDependency;
			target = 23AD612E2BE8EDB60037AECE /* EssentialApp */;
			targetProxy = 23AD61462BE8EDB90037AECE /* PBXContainerItemProxy */;
		};
		23AD61512BE8EDB90037AECE /* PBXTargetDependency */ = {
			isa = PBXTargetDependency;
			target = 23AD612E2BE8EDB60037AECE /* EssentialApp */;
			targetProxy = 23AD61502BE8EDB90037AECE /* PBXContainerItemProxy */;
		};
/* End PBXTargetDependency section */

/* Begin PBXVariantGroup section */
		23AD61382BE8EDB60037AECE /* Main.storyboard */ = {
			isa = PBXVariantGroup;
			children = (
				23AD61392BE8EDB60037AECE /* Base */,
			);
			name = Main.storyboard;
			sourceTree = "<group>";
		};
		23AD613D2BE8EDB80037AECE /* LaunchScreen.storyboard */ = {
			isa = PBXVariantGroup;
			children = (
				23AD613E2BE8EDB80037AECE /* Base */,
			);
			name = LaunchScreen.storyboard;
			sourceTree = "<group>";
		};
/* End PBXVariantGroup section */

/* Begin XCBuildConfiguration section */
		23AD61572BE8EDB90037AECE /* Debug */ = {
			isa = XCBuildConfiguration;
			buildSettings = {
				ALWAYS_SEARCH_USER_PATHS = NO;
				ASSETCATALOG_COMPILER_GENERATE_SWIFT_ASSET_SYMBOL_EXTENSIONS = YES;
				CLANG_ANALYZER_NONNULL = YES;
				CLANG_ANALYZER_NUMBER_OBJECT_CONVERSION = YES_AGGRESSIVE;
				CLANG_CXX_LANGUAGE_STANDARD = "gnu++20";
				CLANG_ENABLE_MODULES = YES;
				CLANG_ENABLE_OBJC_ARC = YES;
				CLANG_ENABLE_OBJC_WEAK = YES;
				CLANG_WARN_BLOCK_CAPTURE_AUTORELEASING = YES;
				CLANG_WARN_BOOL_CONVERSION = YES;
				CLANG_WARN_COMMA = YES;
				CLANG_WARN_CONSTANT_CONVERSION = YES;
				CLANG_WARN_DEPRECATED_OBJC_IMPLEMENTATIONS = YES;
				CLANG_WARN_DIRECT_OBJC_ISA_USAGE = YES_ERROR;
				CLANG_WARN_DOCUMENTATION_COMMENTS = YES;
				CLANG_WARN_EMPTY_BODY = YES;
				CLANG_WARN_ENUM_CONVERSION = YES;
				CLANG_WARN_INFINITE_RECURSION = YES;
				CLANG_WARN_INT_CONVERSION = YES;
				CLANG_WARN_NON_LITERAL_NULL_CONVERSION = YES;
				CLANG_WARN_OBJC_IMPLICIT_RETAIN_SELF = YES;
				CLANG_WARN_OBJC_LITERAL_CONVERSION = YES;
				CLANG_WARN_OBJC_ROOT_CLASS = YES_ERROR;
				CLANG_WARN_QUOTED_INCLUDE_IN_FRAMEWORK_HEADER = YES;
				CLANG_WARN_RANGE_LOOP_ANALYSIS = YES;
				CLANG_WARN_STRICT_PROTOTYPES = YES;
				CLANG_WARN_SUSPICIOUS_MOVE = YES;
				CLANG_WARN_UNGUARDED_AVAILABILITY = YES_AGGRESSIVE;
				CLANG_WARN_UNREACHABLE_CODE = YES;
				CLANG_WARN__DUPLICATE_METHOD_MATCH = YES;
				COPY_PHASE_STRIP = NO;
				DEBUG_INFORMATION_FORMAT = dwarf;
				ENABLE_STRICT_OBJC_MSGSEND = YES;
				ENABLE_TESTABILITY = YES;
				ENABLE_USER_SCRIPT_SANDBOXING = YES;
				GCC_C_LANGUAGE_STANDARD = gnu17;
				GCC_DYNAMIC_NO_PIC = NO;
				GCC_NO_COMMON_BLOCKS = YES;
				GCC_OPTIMIZATION_LEVEL = 0;
				GCC_PREPROCESSOR_DEFINITIONS = (
					"DEBUG=1",
					"$(inherited)",
				);
				GCC_WARN_64_TO_32_BIT_CONVERSION = YES;
				GCC_WARN_ABOUT_RETURN_TYPE = YES_ERROR;
				GCC_WARN_UNDECLARED_SELECTOR = YES;
				GCC_WARN_UNINITIALIZED_AUTOS = YES_AGGRESSIVE;
				GCC_WARN_UNUSED_FUNCTION = YES;
				GCC_WARN_UNUSED_VARIABLE = YES;
				IPHONEOS_DEPLOYMENT_TARGET = 17.4;
				LOCALIZATION_PREFERS_STRING_CATALOGS = YES;
				MTL_ENABLE_DEBUG_INFO = INCLUDE_SOURCE;
				MTL_FAST_MATH = YES;
				ONLY_ACTIVE_ARCH = YES;
				SDKROOT = iphoneos;
				SWIFT_ACTIVE_COMPILATION_CONDITIONS = "DEBUG $(inherited)";
				SWIFT_OPTIMIZATION_LEVEL = "-Onone";
			};
			name = Debug;
		};
		23AD61582BE8EDB90037AECE /* Release */ = {
			isa = XCBuildConfiguration;
			buildSettings = {
				ALWAYS_SEARCH_USER_PATHS = NO;
				ASSETCATALOG_COMPILER_GENERATE_SWIFT_ASSET_SYMBOL_EXTENSIONS = YES;
				CLANG_ANALYZER_NONNULL = YES;
				CLANG_ANALYZER_NUMBER_OBJECT_CONVERSION = YES_AGGRESSIVE;
				CLANG_CXX_LANGUAGE_STANDARD = "gnu++20";
				CLANG_ENABLE_MODULES = YES;
				CLANG_ENABLE_OBJC_ARC = YES;
				CLANG_ENABLE_OBJC_WEAK = YES;
				CLANG_WARN_BLOCK_CAPTURE_AUTORELEASING = YES;
				CLANG_WARN_BOOL_CONVERSION = YES;
				CLANG_WARN_COMMA = YES;
				CLANG_WARN_CONSTANT_CONVERSION = YES;
				CLANG_WARN_DEPRECATED_OBJC_IMPLEMENTATIONS = YES;
				CLANG_WARN_DIRECT_OBJC_ISA_USAGE = YES_ERROR;
				CLANG_WARN_DOCUMENTATION_COMMENTS = YES;
				CLANG_WARN_EMPTY_BODY = YES;
				CLANG_WARN_ENUM_CONVERSION = YES;
				CLANG_WARN_INFINITE_RECURSION = YES;
				CLANG_WARN_INT_CONVERSION = YES;
				CLANG_WARN_NON_LITERAL_NULL_CONVERSION = YES;
				CLANG_WARN_OBJC_IMPLICIT_RETAIN_SELF = YES;
				CLANG_WARN_OBJC_LITERAL_CONVERSION = YES;
				CLANG_WARN_OBJC_ROOT_CLASS = YES_ERROR;
				CLANG_WARN_QUOTED_INCLUDE_IN_FRAMEWORK_HEADER = YES;
				CLANG_WARN_RANGE_LOOP_ANALYSIS = YES;
				CLANG_WARN_STRICT_PROTOTYPES = YES;
				CLANG_WARN_SUSPICIOUS_MOVE = YES;
				CLANG_WARN_UNGUARDED_AVAILABILITY = YES_AGGRESSIVE;
				CLANG_WARN_UNREACHABLE_CODE = YES;
				CLANG_WARN__DUPLICATE_METHOD_MATCH = YES;
				COPY_PHASE_STRIP = NO;
				DEBUG_INFORMATION_FORMAT = "dwarf-with-dsym";
				ENABLE_NS_ASSERTIONS = NO;
				ENABLE_STRICT_OBJC_MSGSEND = YES;
				ENABLE_USER_SCRIPT_SANDBOXING = YES;
				GCC_C_LANGUAGE_STANDARD = gnu17;
				GCC_NO_COMMON_BLOCKS = YES;
				GCC_WARN_64_TO_32_BIT_CONVERSION = YES;
				GCC_WARN_ABOUT_RETURN_TYPE = YES_ERROR;
				GCC_WARN_UNDECLARED_SELECTOR = YES;
				GCC_WARN_UNINITIALIZED_AUTOS = YES_AGGRESSIVE;
				GCC_WARN_UNUSED_FUNCTION = YES;
				GCC_WARN_UNUSED_VARIABLE = YES;
				IPHONEOS_DEPLOYMENT_TARGET = 17.4;
				LOCALIZATION_PREFERS_STRING_CATALOGS = YES;
				MTL_ENABLE_DEBUG_INFO = NO;
				MTL_FAST_MATH = YES;
				SDKROOT = iphoneos;
				SWIFT_COMPILATION_MODE = wholemodule;
				VALIDATE_PRODUCT = YES;
			};
			name = Release;
		};
		23AD615A2BE8EDB90037AECE /* Debug */ = {
			isa = XCBuildConfiguration;
			buildSettings = {
				ASSETCATALOG_COMPILER_APPICON_NAME = AppIcon;
				ASSETCATALOG_COMPILER_GLOBAL_ACCENT_COLOR_NAME = AccentColor;
				CODE_SIGN_STYLE = Automatic;
				CURRENT_PROJECT_VERSION = 1;
				DEVELOPMENT_TEAM = TR4PC56K8G;
				GENERATE_INFOPLIST_FILE = YES;
				INFOPLIST_FILE = EssentialApp/Info.plist;
				INFOPLIST_KEY_UIApplicationSupportsIndirectInputEvents = YES;
				INFOPLIST_KEY_UILaunchStoryboardName = LaunchScreen;
				INFOPLIST_KEY_UIMainStoryboardFile = Main;
				INFOPLIST_KEY_UISupportedInterfaceOrientations = UIInterfaceOrientationPortrait;
				LD_RUNPATH_SEARCH_PATHS = (
					"$(inherited)",
					"@executable_path/Frameworks",
				);
				MARKETING_VERSION = 1.0;
				PRODUCT_BUNDLE_IDENTIFIER = com.pigLardLord.EssentialApp;
				PRODUCT_NAME = "$(TARGET_NAME)";
				SWIFT_EMIT_LOC_STRINGS = YES;
				SWIFT_VERSION = 5.0;
				TARGETED_DEVICE_FAMILY = "1,2";
			};
			name = Debug;
		};
		23AD615B2BE8EDB90037AECE /* Release */ = {
			isa = XCBuildConfiguration;
			buildSettings = {
				ASSETCATALOG_COMPILER_APPICON_NAME = AppIcon;
				ASSETCATALOG_COMPILER_GLOBAL_ACCENT_COLOR_NAME = AccentColor;
				CODE_SIGN_STYLE = Automatic;
				CURRENT_PROJECT_VERSION = 1;
				DEVELOPMENT_TEAM = TR4PC56K8G;
				GENERATE_INFOPLIST_FILE = YES;
				INFOPLIST_FILE = EssentialApp/Info.plist;
				INFOPLIST_KEY_UIApplicationSupportsIndirectInputEvents = YES;
				INFOPLIST_KEY_UILaunchStoryboardName = LaunchScreen;
				INFOPLIST_KEY_UIMainStoryboardFile = Main;
				INFOPLIST_KEY_UISupportedInterfaceOrientations = UIInterfaceOrientationPortrait;
				LD_RUNPATH_SEARCH_PATHS = (
					"$(inherited)",
					"@executable_path/Frameworks",
				);
				MARKETING_VERSION = 1.0;
				PRODUCT_BUNDLE_IDENTIFIER = com.pigLardLord.EssentialApp;
				PRODUCT_NAME = "$(TARGET_NAME)";
				SWIFT_EMIT_LOC_STRINGS = YES;
				SWIFT_VERSION = 5.0;
				TARGETED_DEVICE_FAMILY = "1,2";
			};
			name = Release;
		};
		23AD615D2BE8EDB90037AECE /* Debug */ = {
			isa = XCBuildConfiguration;
			buildSettings = {
				ALWAYS_EMBED_SWIFT_STANDARD_LIBRARIES = YES;
				BUNDLE_LOADER = "$(TEST_HOST)";
				CODE_SIGN_STYLE = Automatic;
				CURRENT_PROJECT_VERSION = 1;
				DEVELOPMENT_TEAM = TR4PC56K8G;
				GENERATE_INFOPLIST_FILE = YES;
				IPHONEOS_DEPLOYMENT_TARGET = 17.4;
				MARKETING_VERSION = 1.0;
				PRODUCT_BUNDLE_IDENTIFIER = com.pigLardLord.EssentialAppTests;
				PRODUCT_NAME = "$(TARGET_NAME)";
				SWIFT_EMIT_LOC_STRINGS = NO;
				SWIFT_VERSION = 5.0;
				TARGETED_DEVICE_FAMILY = "1,2";
				TEST_HOST = "$(BUILT_PRODUCTS_DIR)/EssentialApp.app/$(BUNDLE_EXECUTABLE_FOLDER_PATH)/EssentialApp";
			};
			name = Debug;
		};
		23AD615E2BE8EDB90037AECE /* Release */ = {
			isa = XCBuildConfiguration;
			buildSettings = {
				ALWAYS_EMBED_SWIFT_STANDARD_LIBRARIES = YES;
				BUNDLE_LOADER = "$(TEST_HOST)";
				CODE_SIGN_STYLE = Automatic;
				CURRENT_PROJECT_VERSION = 1;
				DEVELOPMENT_TEAM = TR4PC56K8G;
				GENERATE_INFOPLIST_FILE = YES;
				IPHONEOS_DEPLOYMENT_TARGET = 17.4;
				MARKETING_VERSION = 1.0;
				PRODUCT_BUNDLE_IDENTIFIER = com.pigLardLord.EssentialAppTests;
				PRODUCT_NAME = "$(TARGET_NAME)";
				SWIFT_EMIT_LOC_STRINGS = NO;
				SWIFT_VERSION = 5.0;
				TARGETED_DEVICE_FAMILY = "1,2";
				TEST_HOST = "$(BUILT_PRODUCTS_DIR)/EssentialApp.app/$(BUNDLE_EXECUTABLE_FOLDER_PATH)/EssentialApp";
			};
			name = Release;
		};
		23AD61602BE8EDB90037AECE /* Debug */ = {
			isa = XCBuildConfiguration;
			buildSettings = {
				ALWAYS_EMBED_SWIFT_STANDARD_LIBRARIES = YES;
				CODE_SIGN_STYLE = Automatic;
				CURRENT_PROJECT_VERSION = 1;
				DEVELOPMENT_TEAM = TR4PC56K8G;
				GENERATE_INFOPLIST_FILE = YES;
				MARKETING_VERSION = 1.0;
				PRODUCT_BUNDLE_IDENTIFIER = com.pigLardLord.EssentialAppUITests;
				PRODUCT_NAME = "$(TARGET_NAME)";
				SWIFT_EMIT_LOC_STRINGS = NO;
				SWIFT_VERSION = 5.0;
				TARGETED_DEVICE_FAMILY = "1,2";
				TEST_TARGET_NAME = EssentialApp;
			};
			name = Debug;
		};
		23AD61612BE8EDB90037AECE /* Release */ = {
			isa = XCBuildConfiguration;
			buildSettings = {
				ALWAYS_EMBED_SWIFT_STANDARD_LIBRARIES = YES;
				CODE_SIGN_STYLE = Automatic;
				CURRENT_PROJECT_VERSION = 1;
				DEVELOPMENT_TEAM = TR4PC56K8G;
				GENERATE_INFOPLIST_FILE = YES;
				MARKETING_VERSION = 1.0;
				PRODUCT_BUNDLE_IDENTIFIER = com.pigLardLord.EssentialAppUITests;
				PRODUCT_NAME = "$(TARGET_NAME)";
				SWIFT_EMIT_LOC_STRINGS = NO;
				SWIFT_VERSION = 5.0;
				TARGETED_DEVICE_FAMILY = "1,2";
				TEST_TARGET_NAME = EssentialApp;
			};
			name = Release;
		};
/* End XCBuildConfiguration section */

/* Begin XCConfigurationList section */
		23AD612A2BE8EDB60037AECE /* Build configuration list for PBXProject "EssentialApp" */ = {
			isa = XCConfigurationList;
			buildConfigurations = (
				23AD61572BE8EDB90037AECE /* Debug */,
				23AD61582BE8EDB90037AECE /* Release */,
			);
			defaultConfigurationIsVisible = 0;
			defaultConfigurationName = Release;
		};
		23AD61592BE8EDB90037AECE /* Build configuration list for PBXNativeTarget "EssentialApp" */ = {
			isa = XCConfigurationList;
			buildConfigurations = (
				23AD615A2BE8EDB90037AECE /* Debug */,
				23AD615B2BE8EDB90037AECE /* Release */,
			);
			defaultConfigurationIsVisible = 0;
			defaultConfigurationName = Release;
		};
		23AD615C2BE8EDB90037AECE /* Build configuration list for PBXNativeTarget "EssentialAppTests" */ = {
			isa = XCConfigurationList;
			buildConfigurations = (
				23AD615D2BE8EDB90037AECE /* Debug */,
				23AD615E2BE8EDB90037AECE /* Release */,
			);
			defaultConfigurationIsVisible = 0;
			defaultConfigurationName = Release;
		};
		23AD615F2BE8EDB90037AECE /* Build configuration list for PBXNativeTarget "EssentialAppUITests" */ = {
			isa = XCConfigurationList;
			buildConfigurations = (
				23AD61602BE8EDB90037AECE /* Debug */,
				23AD61612BE8EDB90037AECE /* Release */,
			);
			defaultConfigurationIsVisible = 0;
			defaultConfigurationName = Release;
		};
/* End XCConfigurationList section */
	};
	rootObject = 23AD61272BE8EDB60037AECE /* Project object */;
}
